// !$*UTF8*$!
{
	archiveVersion = 1;
	classes = {
	};
	objectVersion = 48;
	objects = {

/* Begin PBXBuildFile section */
		CE21D4291F66B14400056940 /* Quictraffic.framework in Frameworks */ = {isa = PBXBuildFile; fileRef = CE21D4281F66B13D00056940 /* Quictraffic.framework */; };
		CE21D42A1F66B14400056940 /* Quictraffic.framework in Embed Frameworks */ = {isa = PBXBuildFile; fileRef = CE21D4281F66B13D00056940 /* Quictraffic.framework */; settings = {ATTRIBUTES = (CodeSignOnCopy, RemoveHeadersOnCopy, ); }; };
		CE58F46B1FC3463F009EA08F /* libxml2.tbd in Frameworks */ = {isa = PBXBuildFile; fileRef = CE58F46A1FC34631009EA08F /* libxml2.tbd */; };
		CE58F46D1FC34651009EA08F /* CFNetwork.framework in Frameworks */ = {isa = PBXBuildFile; fileRef = CE58F46C1FC3464A009EA08F /* CFNetwork.framework */; };
		CE58F46F1FC34660009EA08F /* MobileCoreServices.framework in Frameworks */ = {isa = PBXBuildFile; fileRef = CE58F46E1FC34659009EA08F /* MobileCoreServices.framework */; };
		CE58F4711FC3466E009EA08F /* Security.framework in Frameworks */ = {isa = PBXBuildFile; fileRef = CE58F4701FC34669009EA08F /* Security.framework */; };
		CE58F4731FC34677009EA08F /* SystemConfiguration.framework in Frameworks */ = {isa = PBXBuildFile; fileRef = CE58F4721FC34673009EA08F /* SystemConfiguration.framework */; };
		CE58F4771FC41BAF009EA08F /* Reachability.m in Sources */ = {isa = PBXBuildFile; fileRef = CE58F4761FC41BAE009EA08F /* Reachability.m */; };
		CE58F47B1FCDB693009EA08F /* TesterViewController.swift in Sources */ = {isa = PBXBuildFile; fileRef = CE58F47A1FCDB693009EA08F /* TesterViewController.swift */; };
		CE58F4801FCEA594009EA08F /* QUICConnectivityTest.swift in Sources */ = {isa = PBXBuildFile; fileRef = CE58F47F1FCEA594009EA08F /* QUICConnectivityTest.swift */; };
		CE58F4821FCEB03E009EA08F /* Test.swift in Sources */ = {isa = PBXBuildFile; fileRef = CE58F4811FCEB03E009EA08F /* Test.swift */; };
		CE58F4871FCEBCD3009EA08F /* RunConfig.swift in Sources */ = {isa = PBXBuildFile; fileRef = CE58F4861FCEBCD3009EA08F /* RunConfig.swift */; };
		CE58F48A1FCF1114009EA08F /* Utils.swift in Sources */ = {isa = PBXBuildFile; fileRef = CE58F4891FCF1114009EA08F /* Utils.swift */; };
		CE8E284B1F695450004F1558 /* TCPClientReqRes.swift in Sources */ = {isa = PBXBuildFile; fileRef = CE8E284A1F695450004F1558 /* TCPClientReqRes.swift */; };
		CE8E284D1F696334004F1558 /* TCPClientBulk.swift in Sources */ = {isa = PBXBuildFile; fileRef = CE8E284C1F696334004F1558 /* TCPClientBulk.swift */; };
		CE8E284F1F6966FC004F1558 /* TCPClientSiri.swift in Sources */ = {isa = PBXBuildFile; fileRef = CE8E284E1F6966FC004F1558 /* TCPClientSiri.swift */; };
		CE8E28511F6ACA9A004F1558 /* BulkResult.swift in Sources */ = {isa = PBXBuildFile; fileRef = CE8E28501F6ACA9A004F1558 /* BulkResult.swift */; };
		CE8E28531F6ACABB004F1558 /* ReqResResult.swift in Sources */ = {isa = PBXBuildFile; fileRef = CE8E28521F6ACABB004F1558 /* ReqResResult.swift */; };
		CED4B5201F97972500E6F86E /* TCPFileDescriptorFinder.swift in Sources */ = {isa = PBXBuildFile; fileRef = CED4B51F1F97972500E6F86E /* TCPFileDescriptorFinder.swift */; };
		CED4B5221F9F7FE300E6F86E /* TCPInfoConverter.swift in Sources */ = {isa = PBXBuildFile; fileRef = CED4B5211F9F7FE300E6F86E /* TCPInfoConverter.swift */; };
		CEDAF24F1F5FE8E000310153 /* AppDelegate.swift in Sources */ = {isa = PBXBuildFile; fileRef = CEDAF24E1F5FE8E000310153 /* AppDelegate.swift */; };
		CEDAF2511F5FE8E000310153 /* ViewController.swift in Sources */ = {isa = PBXBuildFile; fileRef = CEDAF2501F5FE8E000310153 /* ViewController.swift */; };
		CEDAF2541F5FE8E000310153 /* Main.storyboard in Resources */ = {isa = PBXBuildFile; fileRef = CEDAF2521F5FE8E000310153 /* Main.storyboard */; };
		CEDAF2561F5FE8E000310153 /* Assets.xcassets in Resources */ = {isa = PBXBuildFile; fileRef = CEDAF2551F5FE8E000310153 /* Assets.xcassets */; };
		CEDAF2591F5FE8E000310153 /* LaunchScreen.storyboard in Resources */ = {isa = PBXBuildFile; fileRef = CEDAF2571F5FE8E000310153 /* LaunchScreen.storyboard */; };
		CEDAF2641F5FE8E100310153 /* QUICTesterTests.swift in Sources */ = {isa = PBXBuildFile; fileRef = CEDAF2631F5FE8E100310153 /* QUICTesterTests.swift */; };
		CEDAF26F1F5FE8E100310153 /* QUICTesterUITests.swift in Sources */ = {isa = PBXBuildFile; fileRef = CEDAF26E1F5FE8E100310153 /* QUICTesterUITests.swift */; };
/* End PBXBuildFile section */

/* Begin PBXContainerItemProxy section */
		CEDAF2601F5FE8E100310153 /* PBXContainerItemProxy */ = {
			isa = PBXContainerItemProxy;
			containerPortal = CEDAF2431F5FE8E000310153 /* Project object */;
			proxyType = 1;
			remoteGlobalIDString = CEDAF24A1F5FE8E000310153;
			remoteInfo = QUICTester;
		};
		CEDAF26B1F5FE8E100310153 /* PBXContainerItemProxy */ = {
			isa = PBXContainerItemProxy;
			containerPortal = CEDAF2431F5FE8E000310153 /* Project object */;
			proxyType = 1;
			remoteGlobalIDString = CEDAF24A1F5FE8E000310153;
			remoteInfo = QUICTester;
		};
/* End PBXContainerItemProxy section */

/* Begin PBXCopyFilesBuildPhase section */
		CE21D3DC1F5FF79A00056940 /* Embed Frameworks */ = {
			isa = PBXCopyFilesBuildPhase;
			buildActionMask = 8;
			dstPath = "";
			dstSubfolderSpec = 10;
			files = (
				CE21D42A1F66B14400056940 /* Quictraffic.framework in Embed Frameworks */,
			);
			name = "Embed Frameworks";
			runOnlyForDeploymentPostprocessing = 1;
		};
/* End PBXCopyFilesBuildPhase section */

/* Begin PBXFileReference section */
		CE21D4281F66B13D00056940 /* Quictraffic.framework */ = {isa = PBXFileReference; lastKnownFileType = wrapper.framework; name = Quictraffic.framework; path = frameworks/Quictraffic.framework; sourceTree = "<group>"; };
		CE21D42B1F67ECF300056940 /* QUICTester.entitlements */ = {isa = PBXFileReference; lastKnownFileType = text.plist.entitlements; path = QUICTester.entitlements; sourceTree = "<group>"; };
		CE58F46A1FC34631009EA08F /* libxml2.tbd */ = {isa = PBXFileReference; lastKnownFileType = "sourcecode.text-based-dylib-definition"; name = libxml2.tbd; path = usr/lib/libxml2.tbd; sourceTree = SDKROOT; };
		CE58F46C1FC3464A009EA08F /* CFNetwork.framework */ = {isa = PBXFileReference; lastKnownFileType = wrapper.framework; name = CFNetwork.framework; path = System/Library/Frameworks/CFNetwork.framework; sourceTree = SDKROOT; };
		CE58F46E1FC34659009EA08F /* MobileCoreServices.framework */ = {isa = PBXFileReference; lastKnownFileType = wrapper.framework; name = MobileCoreServices.framework; path = System/Library/Frameworks/MobileCoreServices.framework; sourceTree = SDKROOT; };
		CE58F4701FC34669009EA08F /* Security.framework */ = {isa = PBXFileReference; lastKnownFileType = wrapper.framework; name = Security.framework; path = System/Library/Frameworks/Security.framework; sourceTree = SDKROOT; };
		CE58F4721FC34673009EA08F /* SystemConfiguration.framework */ = {isa = PBXFileReference; lastKnownFileType = wrapper.framework; name = SystemConfiguration.framework; path = System/Library/Frameworks/SystemConfiguration.framework; sourceTree = SDKROOT; };
		CE58F4741FC41BA3009EA08F /* Reachability.h */ = {isa = PBXFileReference; fileEncoding = 4; lastKnownFileType = sourcecode.c.h; name = Reachability.h; path = ../../../Downloads/Reachability/Reachability/Reachability.h; sourceTree = "<group>"; };
		CE58F4751FC41BAE009EA08F /* QUICTester-Bridging-Header.h */ = {isa = PBXFileReference; lastKnownFileType = sourcecode.c.h; path = "QUICTester-Bridging-Header.h"; sourceTree = "<group>"; };
		CE58F4761FC41BAE009EA08F /* Reachability.m */ = {isa = PBXFileReference; fileEncoding = 4; lastKnownFileType = sourcecode.c.objc; name = Reachability.m; path = ../../../Downloads/Reachability/Reachability/Reachability.m; sourceTree = "<group>"; };
		CE58F47A1FCDB693009EA08F /* TesterViewController.swift */ = {isa = PBXFileReference; lastKnownFileType = sourcecode.swift; path = TesterViewController.swift; sourceTree = "<group>"; };
		CE58F47F1FCEA594009EA08F /* QUICConnectivityTest.swift */ = {isa = PBXFileReference; lastKnownFileType = sourcecode.swift; path = QUICConnectivityTest.swift; sourceTree = "<group>"; };
		CE58F4811FCEB03E009EA08F /* Test.swift */ = {isa = PBXFileReference; lastKnownFileType = sourcecode.swift; path = Test.swift; sourceTree = "<group>"; };
		CE58F4861FCEBCD3009EA08F /* RunConfig.swift */ = {isa = PBXFileReference; lastKnownFileType = sourcecode.swift; path = RunConfig.swift; sourceTree = "<group>"; };
		CE58F4891FCF1114009EA08F /* Utils.swift */ = {isa = PBXFileReference; lastKnownFileType = sourcecode.swift; path = Utils.swift; sourceTree = "<group>"; };
		CE8E284A1F695450004F1558 /* TCPClientReqRes.swift */ = {isa = PBXFileReference; lastKnownFileType = sourcecode.swift; path = TCPClientReqRes.swift; sourceTree = "<group>"; };
		CE8E284C1F696334004F1558 /* TCPClientBulk.swift */ = {isa = PBXFileReference; lastKnownFileType = sourcecode.swift; path = TCPClientBulk.swift; sourceTree = "<group>"; };
		CE8E284E1F6966FC004F1558 /* TCPClientSiri.swift */ = {isa = PBXFileReference; lastKnownFileType = sourcecode.swift; path = TCPClientSiri.swift; sourceTree = "<group>"; };
		CE8E28501F6ACA9A004F1558 /* BulkResult.swift */ = {isa = PBXFileReference; lastKnownFileType = sourcecode.swift; path = BulkResult.swift; sourceTree = "<group>"; };
		CE8E28521F6ACABB004F1558 /* ReqResResult.swift */ = {isa = PBXFileReference; lastKnownFileType = sourcecode.swift; path = ReqResResult.swift; sourceTree = "<group>"; };
		CED4B51F1F97972500E6F86E /* TCPFileDescriptorFinder.swift */ = {isa = PBXFileReference; lastKnownFileType = sourcecode.swift; path = TCPFileDescriptorFinder.swift; sourceTree = "<group>"; };
		CED4B5211F9F7FE300E6F86E /* TCPInfoConverter.swift */ = {isa = PBXFileReference; lastKnownFileType = sourcecode.swift; path = TCPInfoConverter.swift; sourceTree = "<group>"; };
		CEDAF24B1F5FE8E000310153 /* QUICTester.app */ = {isa = PBXFileReference; explicitFileType = wrapper.application; includeInIndex = 0; path = QUICTester.app; sourceTree = BUILT_PRODUCTS_DIR; };
		CEDAF24E1F5FE8E000310153 /* AppDelegate.swift */ = {isa = PBXFileReference; lastKnownFileType = sourcecode.swift; path = AppDelegate.swift; sourceTree = "<group>"; };
		CEDAF2501F5FE8E000310153 /* ViewController.swift */ = {isa = PBXFileReference; lastKnownFileType = sourcecode.swift; path = ViewController.swift; sourceTree = "<group>"; };
		CEDAF2531F5FE8E000310153 /* Base */ = {isa = PBXFileReference; lastKnownFileType = file.storyboard; name = Base; path = Base.lproj/Main.storyboard; sourceTree = "<group>"; };
		CEDAF2551F5FE8E000310153 /* Assets.xcassets */ = {isa = PBXFileReference; lastKnownFileType = folder.assetcatalog; path = Assets.xcassets; sourceTree = "<group>"; };
		CEDAF2581F5FE8E000310153 /* Base */ = {isa = PBXFileReference; lastKnownFileType = file.storyboard; name = Base; path = Base.lproj/LaunchScreen.storyboard; sourceTree = "<group>"; };
		CEDAF25A1F5FE8E000310153 /* Info.plist */ = {isa = PBXFileReference; lastKnownFileType = text.plist.xml; path = Info.plist; sourceTree = "<group>"; };
		CEDAF25F1F5FE8E100310153 /* QUICTesterTests.xctest */ = {isa = PBXFileReference; explicitFileType = wrapper.cfbundle; includeInIndex = 0; path = QUICTesterTests.xctest; sourceTree = BUILT_PRODUCTS_DIR; };
		CEDAF2631F5FE8E100310153 /* QUICTesterTests.swift */ = {isa = PBXFileReference; lastKnownFileType = sourcecode.swift; path = QUICTesterTests.swift; sourceTree = "<group>"; };
		CEDAF2651F5FE8E100310153 /* Info.plist */ = {isa = PBXFileReference; lastKnownFileType = text.plist.xml; path = Info.plist; sourceTree = "<group>"; };
		CEDAF26A1F5FE8E100310153 /* QUICTesterUITests.xctest */ = {isa = PBXFileReference; explicitFileType = wrapper.cfbundle; includeInIndex = 0; path = QUICTesterUITests.xctest; sourceTree = BUILT_PRODUCTS_DIR; };
		CEDAF26E1F5FE8E100310153 /* QUICTesterUITests.swift */ = {isa = PBXFileReference; lastKnownFileType = sourcecode.swift; path = QUICTesterUITests.swift; sourceTree = "<group>"; };
		CEDAF2701F5FE8E100310153 /* Info.plist */ = {isa = PBXFileReference; lastKnownFileType = text.plist.xml; path = Info.plist; sourceTree = "<group>"; };
/* End PBXFileReference section */

/* Begin PBXFrameworksBuildPhase section */
		CEDAF2481F5FE8E000310153 /* Frameworks */ = {
			isa = PBXFrameworksBuildPhase;
			buildActionMask = 2147483647;
			files = (
				CE58F4731FC34677009EA08F /* SystemConfiguration.framework in Frameworks */,
				CE58F4711FC3466E009EA08F /* Security.framework in Frameworks */,
				CE58F46F1FC34660009EA08F /* MobileCoreServices.framework in Frameworks */,
				CE58F46D1FC34651009EA08F /* CFNetwork.framework in Frameworks */,
				CE58F46B1FC3463F009EA08F /* libxml2.tbd in Frameworks */,
				CE21D4291F66B14400056940 /* Quictraffic.framework in Frameworks */,
			);
			runOnlyForDeploymentPostprocessing = 0;
		};
		CEDAF25C1F5FE8E100310153 /* Frameworks */ = {
			isa = PBXFrameworksBuildPhase;
			buildActionMask = 2147483647;
			files = (
			);
			runOnlyForDeploymentPostprocessing = 0;
		};
		CEDAF2671F5FE8E100310153 /* Frameworks */ = {
			isa = PBXFrameworksBuildPhase;
			buildActionMask = 2147483647;
			files = (
			);
			runOnlyForDeploymentPostprocessing = 0;
		};
/* End PBXFrameworksBuildPhase section */

/* Begin PBXGroup section */
		CE58F4691FC34631009EA08F /* Frameworks */ = {
			isa = PBXGroup;
			children = (
				CE58F4721FC34673009EA08F /* SystemConfiguration.framework */,
				CE58F4701FC34669009EA08F /* Security.framework */,
				CE58F46E1FC34659009EA08F /* MobileCoreServices.framework */,
				CE58F46C1FC3464A009EA08F /* CFNetwork.framework */,
				CE58F46A1FC34631009EA08F /* libxml2.tbd */,
			);
			name = Frameworks;
			sourceTree = "<group>";
		};
		CE58F47C1FCEA4EE009EA08F /* Tests */ = {
			isa = PBXGroup;
			children = (
				CE58F47F1FCEA594009EA08F /* QUICConnectivityTest.swift */,
				CE58F4811FCEB03E009EA08F /* Test.swift */,
			);
			path = Tests;
			sourceTree = "<group>";
		};
		CE58F4831FCEBBDB009EA08F /* RunConfig */ = {
			isa = PBXGroup;
			children = (
				CE58F4861FCEBCD3009EA08F /* RunConfig.swift */,
			);
			path = RunConfig;
			sourceTree = "<group>";
		};
		CE58F4881FCF1100009EA08F /* Utils */ = {
			isa = PBXGroup;
			children = (
				CE58F4891FCF1114009EA08F /* Utils.swift */,
			);
			path = Utils;
			sourceTree = "<group>";
		};
		CEDAF2421F5FE8E000310153 = {
			isa = PBXGroup;
			children = (
				CEDAF24D1F5FE8E000310153 /* QUICTester */,
				CEDAF2621F5FE8E100310153 /* QUICTesterTests */,
				CEDAF26D1F5FE8E100310153 /* QUICTesterUITests */,
				CEDAF24C1F5FE8E000310153 /* Products */,
				CE21D4281F66B13D00056940 /* Quictraffic.framework */,
				CE58F4691FC34631009EA08F /* Frameworks */,
			);
			sourceTree = "<group>";
		};
		CEDAF24C1F5FE8E000310153 /* Products */ = {
			isa = PBXGroup;
			children = (
				CEDAF24B1F5FE8E000310153 /* QUICTester.app */,
				CEDAF25F1F5FE8E100310153 /* QUICTesterTests.xctest */,
				CEDAF26A1F5FE8E100310153 /* QUICTesterUITests.xctest */,
			);
			name = Products;
			sourceTree = "<group>";
		};
		CEDAF24D1F5FE8E000310153 /* QUICTester */ = {
			isa = PBXGroup;
			children = (
				CE58F4881FCF1100009EA08F /* Utils */,
				CE58F4831FCEBBDB009EA08F /* RunConfig */,
				CE58F47C1FCEA4EE009EA08F /* Tests */,
				CE58F4761FC41BAE009EA08F /* Reachability.m */,
				CE58F4741FC41BA3009EA08F /* Reachability.h */,
				CE21D42B1F67ECF300056940 /* QUICTester.entitlements */,
				CEDAF24E1F5FE8E000310153 /* AppDelegate.swift */,
				CEDAF2501F5FE8E000310153 /* ViewController.swift */,
				CEDAF2521F5FE8E000310153 /* Main.storyboard */,
				CEDAF2551F5FE8E000310153 /* Assets.xcassets */,
				CEDAF2571F5FE8E000310153 /* LaunchScreen.storyboard */,
				CEDAF25A1F5FE8E000310153 /* Info.plist */,
				CE8E28501F6ACA9A004F1558 /* BulkResult.swift */,
				CE8E28521F6ACABB004F1558 /* ReqResResult.swift */,
				CE8E284C1F696334004F1558 /* TCPClientBulk.swift */,
				CE8E284A1F695450004F1558 /* TCPClientReqRes.swift */,
				CE8E284E1F6966FC004F1558 /* TCPClientSiri.swift */,
				CED4B51F1F97972500E6F86E /* TCPFileDescriptorFinder.swift */,
				CED4B5211F9F7FE300E6F86E /* TCPInfoConverter.swift */,
				CE58F4751FC41BAE009EA08F /* QUICTester-Bridging-Header.h */,
				CE58F47A1FCDB693009EA08F /* TesterViewController.swift */,
			);
			path = QUICTester;
			sourceTree = "<group>";
		};
		CEDAF2621F5FE8E100310153 /* QUICTesterTests */ = {
			isa = PBXGroup;
			children = (
				CEDAF2631F5FE8E100310153 /* QUICTesterTests.swift */,
				CEDAF2651F5FE8E100310153 /* Info.plist */,
			);
			path = QUICTesterTests;
			sourceTree = "<group>";
		};
		CEDAF26D1F5FE8E100310153 /* QUICTesterUITests */ = {
			isa = PBXGroup;
			children = (
				CEDAF26E1F5FE8E100310153 /* QUICTesterUITests.swift */,
				CEDAF2701F5FE8E100310153 /* Info.plist */,
			);
			path = QUICTesterUITests;
			sourceTree = "<group>";
		};
/* End PBXGroup section */

/* Begin PBXNativeTarget section */
		CEDAF24A1F5FE8E000310153 /* QUICTester */ = {
			isa = PBXNativeTarget;
			buildConfigurationList = CEDAF2731F5FE8E100310153 /* Build configuration list for PBXNativeTarget "QUICTester" */;
			buildPhases = (
				CEDAF2471F5FE8E000310153 /* Sources */,
				CEDAF2481F5FE8E000310153 /* Frameworks */,
				CEDAF2491F5FE8E000310153 /* Resources */,
				CE21D3DC1F5FF79A00056940 /* Embed Frameworks */,
			);
			buildRules = (
			);
			dependencies = (
			);
			name = QUICTester;
			productName = QUICTester;
			productReference = CEDAF24B1F5FE8E000310153 /* QUICTester.app */;
			productType = "com.apple.product-type.application";
		};
		CEDAF25E1F5FE8E100310153 /* QUICTesterTests */ = {
			isa = PBXNativeTarget;
			buildConfigurationList = CEDAF2761F5FE8E100310153 /* Build configuration list for PBXNativeTarget "QUICTesterTests" */;
			buildPhases = (
				CEDAF25B1F5FE8E100310153 /* Sources */,
				CEDAF25C1F5FE8E100310153 /* Frameworks */,
				CEDAF25D1F5FE8E100310153 /* Resources */,
			);
			buildRules = (
			);
			dependencies = (
				CEDAF2611F5FE8E100310153 /* PBXTargetDependency */,
			);
			name = QUICTesterTests;
			productName = QUICTesterTests;
			productReference = CEDAF25F1F5FE8E100310153 /* QUICTesterTests.xctest */;
			productType = "com.apple.product-type.bundle.unit-test";
		};
		CEDAF2691F5FE8E100310153 /* QUICTesterUITests */ = {
			isa = PBXNativeTarget;
			buildConfigurationList = CEDAF2791F5FE8E100310153 /* Build configuration list for PBXNativeTarget "QUICTesterUITests" */;
			buildPhases = (
				CEDAF2661F5FE8E100310153 /* Sources */,
				CEDAF2671F5FE8E100310153 /* Frameworks */,
				CEDAF2681F5FE8E100310153 /* Resources */,
			);
			buildRules = (
			);
			dependencies = (
				CEDAF26C1F5FE8E100310153 /* PBXTargetDependency */,
			);
			name = QUICTesterUITests;
			productName = QUICTesterUITests;
			productReference = CEDAF26A1F5FE8E100310153 /* QUICTesterUITests.xctest */;
			productType = "com.apple.product-type.bundle.ui-testing";
		};
/* End PBXNativeTarget section */

/* Begin PBXProject section */
		CEDAF2431F5FE8E000310153 /* Project object */ = {
			isa = PBXProject;
			attributes = {
				LastSwiftUpdateCheck = 0900;
				LastUpgradeCheck = 0900;
				ORGANIZATIONNAME = "Universite Catholique de Louvain";
				TargetAttributes = {
					CEDAF24A1F5FE8E000310153 = {
						CreatedOnToolsVersion = 9.0;
						LastSwiftMigration = 0910;
						ProvisioningStyle = Automatic;
						SystemCapabilities = {
							com.apple.Multipath = {
								enabled = 1;
							};
						};
					};
					CEDAF25E1F5FE8E100310153 = {
						CreatedOnToolsVersion = 9.0;
						ProvisioningStyle = Automatic;
						TestTargetID = CEDAF24A1F5FE8E000310153;
					};
					CEDAF2691F5FE8E100310153 = {
						CreatedOnToolsVersion = 9.0;
						ProvisioningStyle = Automatic;
						TestTargetID = CEDAF24A1F5FE8E000310153;
					};
				};
			};
			buildConfigurationList = CEDAF2461F5FE8E000310153 /* Build configuration list for PBXProject "QUICTester" */;
			compatibilityVersion = "Xcode 8.0";
			developmentRegion = en;
			hasScannedForEncodings = 0;
			knownRegions = (
				en,
				Base,
			);
			mainGroup = CEDAF2421F5FE8E000310153;
			productRefGroup = CEDAF24C1F5FE8E000310153 /* Products */;
			projectDirPath = "";
			projectRoot = "";
			targets = (
				CEDAF24A1F5FE8E000310153 /* QUICTester */,
				CEDAF25E1F5FE8E100310153 /* QUICTesterTests */,
				CEDAF2691F5FE8E100310153 /* QUICTesterUITests */,
			);
		};
/* End PBXProject section */

/* Begin PBXResourcesBuildPhase section */
		CEDAF2491F5FE8E000310153 /* Resources */ = {
			isa = PBXResourcesBuildPhase;
			buildActionMask = 2147483647;
			files = (
				CEDAF2591F5FE8E000310153 /* LaunchScreen.storyboard in Resources */,
				CEDAF2561F5FE8E000310153 /* Assets.xcassets in Resources */,
				CEDAF2541F5FE8E000310153 /* Main.storyboard in Resources */,
			);
			runOnlyForDeploymentPostprocessing = 0;
		};
		CEDAF25D1F5FE8E100310153 /* Resources */ = {
			isa = PBXResourcesBuildPhase;
			buildActionMask = 2147483647;
			files = (
			);
			runOnlyForDeploymentPostprocessing = 0;
		};
		CEDAF2681F5FE8E100310153 /* Resources */ = {
			isa = PBXResourcesBuildPhase;
			buildActionMask = 2147483647;
			files = (
			);
			runOnlyForDeploymentPostprocessing = 0;
		};
/* End PBXResourcesBuildPhase section */

/* Begin PBXSourcesBuildPhase section */
		CEDAF2471F5FE8E000310153 /* Sources */ = {
			isa = PBXSourcesBuildPhase;
			buildActionMask = 2147483647;
			files = (
				CE8E28531F6ACABB004F1558 /* ReqResResult.swift in Sources */,
				CE8E28511F6ACA9A004F1558 /* BulkResult.swift in Sources */,
				CEDAF2511F5FE8E000310153 /* ViewController.swift in Sources */,
				CE8E284B1F695450004F1558 /* TCPClientReqRes.swift in Sources */,
				CE58F4871FCEBCD3009EA08F /* RunConfig.swift in Sources */,
				CE58F48A1FCF1114009EA08F /* Utils.swift in Sources */,
				CE58F4771FC41BAF009EA08F /* Reachability.m in Sources */,
				CE58F47B1FCDB693009EA08F /* TesterViewController.swift in Sources */,
				CE58F4821FCEB03E009EA08F /* Test.swift in Sources */,
				CE8E284F1F6966FC004F1558 /* TCPClientSiri.swift in Sources */,
				CE8E284D1F696334004F1558 /* TCPClientBulk.swift in Sources */,
				CED4B5201F97972500E6F86E /* TCPFileDescriptorFinder.swift in Sources */,
				CED4B5221F9F7FE300E6F86E /* TCPInfoConverter.swift in Sources */,
				CE58F4801FCEA594009EA08F /* QUICConnectivityTest.swift in Sources */,
				CEDAF24F1F5FE8E000310153 /* AppDelegate.swift in Sources */,
			);
			runOnlyForDeploymentPostprocessing = 0;
		};
		CEDAF25B1F5FE8E100310153 /* Sources */ = {
			isa = PBXSourcesBuildPhase;
			buildActionMask = 2147483647;
			files = (
				CEDAF2641F5FE8E100310153 /* QUICTesterTests.swift in Sources */,
			);
			runOnlyForDeploymentPostprocessing = 0;
		};
		CEDAF2661F5FE8E100310153 /* Sources */ = {
			isa = PBXSourcesBuildPhase;
			buildActionMask = 2147483647;
			files = (
				CEDAF26F1F5FE8E100310153 /* QUICTesterUITests.swift in Sources */,
			);
			runOnlyForDeploymentPostprocessing = 0;
		};
/* End PBXSourcesBuildPhase section */

/* Begin PBXTargetDependency section */
		CEDAF2611F5FE8E100310153 /* PBXTargetDependency */ = {
			isa = PBXTargetDependency;
			target = CEDAF24A1F5FE8E000310153 /* QUICTester */;
			targetProxy = CEDAF2601F5FE8E100310153 /* PBXContainerItemProxy */;
		};
		CEDAF26C1F5FE8E100310153 /* PBXTargetDependency */ = {
			isa = PBXTargetDependency;
			target = CEDAF24A1F5FE8E000310153 /* QUICTester */;
			targetProxy = CEDAF26B1F5FE8E100310153 /* PBXContainerItemProxy */;
		};
/* End PBXTargetDependency section */

/* Begin PBXVariantGroup section */
		CEDAF2521F5FE8E000310153 /* Main.storyboard */ = {
			isa = PBXVariantGroup;
			children = (
				CEDAF2531F5FE8E000310153 /* Base */,
			);
			name = Main.storyboard;
			sourceTree = "<group>";
		};
		CEDAF2571F5FE8E000310153 /* LaunchScreen.storyboard */ = {
			isa = PBXVariantGroup;
			children = (
				CEDAF2581F5FE8E000310153 /* Base */,
			);
			name = LaunchScreen.storyboard;
			sourceTree = "<group>";
		};
/* End PBXVariantGroup section */

/* Begin XCBuildConfiguration section */
		CEDAF2711F5FE8E100310153 /* Debug */ = {
			isa = XCBuildConfiguration;
			buildSettings = {
				ALWAYS_SEARCH_USER_PATHS = NO;
				CLANG_ANALYZER_NONNULL = YES;
				CLANG_ANALYZER_NUMBER_OBJECT_CONVERSION = YES_AGGRESSIVE;
				CLANG_CXX_LANGUAGE_STANDARD = "gnu++14";
				CLANG_CXX_LIBRARY = "libc++";
				CLANG_ENABLE_MODULES = YES;
				CLANG_ENABLE_OBJC_ARC = YES;
				CLANG_WARN_BLOCK_CAPTURE_AUTORELEASING = YES;
				CLANG_WARN_BOOL_CONVERSION = YES;
				CLANG_WARN_COMMA = YES;
				CLANG_WARN_CONSTANT_CONVERSION = YES;
				CLANG_WARN_DIRECT_OBJC_ISA_USAGE = YES_ERROR;
				CLANG_WARN_DOCUMENTATION_COMMENTS = YES;
				CLANG_WARN_EMPTY_BODY = YES;
				CLANG_WARN_ENUM_CONVERSION = YES;
				CLANG_WARN_INFINITE_RECURSION = YES;
				CLANG_WARN_INT_CONVERSION = YES;
				CLANG_WARN_NON_LITERAL_NULL_CONVERSION = YES;
				CLANG_WARN_OBJC_LITERAL_CONVERSION = YES;
				CLANG_WARN_OBJC_ROOT_CLASS = YES_ERROR;
				CLANG_WARN_RANGE_LOOP_ANALYSIS = YES;
				CLANG_WARN_STRICT_PROTOTYPES = YES;
				CLANG_WARN_SUSPICIOUS_MOVE = YES;
				CLANG_WARN_UNGUARDED_AVAILABILITY = YES_AGGRESSIVE;
				CLANG_WARN_UNREACHABLE_CODE = YES;
				CLANG_WARN__DUPLICATE_METHOD_MATCH = YES;
				CODE_SIGN_IDENTITY = "iPhone Developer";
				COPY_PHASE_STRIP = NO;
				DEBUG_INFORMATION_FORMAT = dwarf;
				ENABLE_STRICT_OBJC_MSGSEND = YES;
				ENABLE_TESTABILITY = YES;
				FRAMEWORK_SEARCH_PATHS = "~/git/QUICTester/frameworks";
				GCC_C_LANGUAGE_STANDARD = gnu11;
				GCC_DYNAMIC_NO_PIC = NO;
				GCC_NO_COMMON_BLOCKS = YES;
				GCC_OPTIMIZATION_LEVEL = 0;
				GCC_PREPROCESSOR_DEFINITIONS = (
					"DEBUG=1",
					"$(inherited)",
				);
				GCC_WARN_64_TO_32_BIT_CONVERSION = YES;
				GCC_WARN_ABOUT_RETURN_TYPE = YES_ERROR;
				GCC_WARN_UNDECLARED_SELECTOR = YES;
				GCC_WARN_UNINITIALIZED_AUTOS = YES_AGGRESSIVE;
				GCC_WARN_UNUSED_FUNCTION = YES;
				GCC_WARN_UNUSED_VARIABLE = YES;
				IPHONEOS_DEPLOYMENT_TARGET = 11.0;
				MTL_ENABLE_DEBUG_INFO = YES;
				ONLY_ACTIVE_ARCH = YES;
				SDKROOT = iphoneos;
				SWIFT_ACTIVE_COMPILATION_CONDITIONS = DEBUG;
				SWIFT_OPTIMIZATION_LEVEL = "-Onone";
			};
			name = Debug;
		};
		CEDAF2721F5FE8E100310153 /* Release */ = {
			isa = XCBuildConfiguration;
			buildSettings = {
				ALWAYS_SEARCH_USER_PATHS = NO;
				CLANG_ANALYZER_NONNULL = YES;
				CLANG_ANALYZER_NUMBER_OBJECT_CONVERSION = YES_AGGRESSIVE;
				CLANG_CXX_LANGUAGE_STANDARD = "gnu++14";
				CLANG_CXX_LIBRARY = "libc++";
				CLANG_ENABLE_MODULES = YES;
				CLANG_ENABLE_OBJC_ARC = YES;
				CLANG_WARN_BLOCK_CAPTURE_AUTORELEASING = YES;
				CLANG_WARN_BOOL_CONVERSION = YES;
				CLANG_WARN_COMMA = YES;
				CLANG_WARN_CONSTANT_CONVERSION = YES;
				CLANG_WARN_DIRECT_OBJC_ISA_USAGE = YES_ERROR;
				CLANG_WARN_DOCUMENTATION_COMMENTS = YES;
				CLANG_WARN_EMPTY_BODY = YES;
				CLANG_WARN_ENUM_CONVERSION = YES;
				CLANG_WARN_INFINITE_RECURSION = YES;
				CLANG_WARN_INT_CONVERSION = YES;
				CLANG_WARN_NON_LITERAL_NULL_CONVERSION = YES;
				CLANG_WARN_OBJC_LITERAL_CONVERSION = YES;
				CLANG_WARN_OBJC_ROOT_CLASS = YES_ERROR;
				CLANG_WARN_RANGE_LOOP_ANALYSIS = YES;
				CLANG_WARN_STRICT_PROTOTYPES = YES;
				CLANG_WARN_SUSPICIOUS_MOVE = YES;
				CLANG_WARN_UNGUARDED_AVAILABILITY = YES_AGGRESSIVE;
				CLANG_WARN_UNREACHABLE_CODE = YES;
				CLANG_WARN__DUPLICATE_METHOD_MATCH = YES;
				CODE_SIGN_IDENTITY = "iPhone Developer";
				COPY_PHASE_STRIP = NO;
				DEBUG_INFORMATION_FORMAT = "dwarf-with-dsym";
				ENABLE_NS_ASSERTIONS = NO;
				ENABLE_STRICT_OBJC_MSGSEND = YES;
				FRAMEWORK_SEARCH_PATHS = "~/git/QUICTester/frameworks";
				GCC_C_LANGUAGE_STANDARD = gnu11;
				GCC_NO_COMMON_BLOCKS = YES;
				GCC_WARN_64_TO_32_BIT_CONVERSION = YES;
				GCC_WARN_ABOUT_RETURN_TYPE = YES_ERROR;
				GCC_WARN_UNDECLARED_SELECTOR = YES;
				GCC_WARN_UNINITIALIZED_AUTOS = YES_AGGRESSIVE;
				GCC_WARN_UNUSED_FUNCTION = YES;
				GCC_WARN_UNUSED_VARIABLE = YES;
				IPHONEOS_DEPLOYMENT_TARGET = 11.0;
				MTL_ENABLE_DEBUG_INFO = NO;
				SDKROOT = iphoneos;
				SWIFT_OPTIMIZATION_LEVEL = "-Owholemodule";
				VALIDATE_PRODUCT = YES;
			};
			name = Release;
		};
		CEDAF2741F5FE8E100310153 /* Debug */ = {
			isa = XCBuildConfiguration;
			buildSettings = {
				ASSETCATALOG_COMPILER_APPICON_NAME = AppIcon;
				CLANG_ENABLE_MODULES = YES;
				CODE_SIGN_ENTITLEMENTS = QUICTester/QUICTester.entitlements;
				CODE_SIGN_STYLE = Automatic;
				DEVELOPMENT_TEAM = VJZ2VP5AH7;
				ENABLE_BITCODE = NO;
				FRAMEWORK_SEARCH_PATHS = (
					"$(inherited)",
					"$(PROJECT_DIR)/frameworks",
				);
				INFOPLIST_FILE = QUICTester/Info.plist;
				LD_RUNPATH_SEARCH_PATHS = "$(inherited) @executable_path/Frameworks";
				OTHER_LDFLAGS = "-ObjC";
				PRODUCT_BUNDLE_IDENTIFIER = be.uclouvain.QUICTester;
				PRODUCT_NAME = "$(TARGET_NAME)";
				SWIFT_OBJC_BRIDGING_HEADER = "QUICTester/QUICTester-Bridging-Header.h";
				SWIFT_OPTIMIZATION_LEVEL = "-Onone";
				SWIFT_VERSION = 4.0;
				TARGETED_DEVICE_FAMILY = "1,2";
			};
			name = Debug;
		};
		CEDAF2751F5FE8E100310153 /* Release */ = {
			isa = XCBuildConfiguration;
			buildSettings = {
				ASSETCATALOG_COMPILER_APPICON_NAME = AppIcon;
				CLANG_ENABLE_MODULES = YES;
				CODE_SIGN_ENTITLEMENTS = QUICTester/QUICTester.entitlements;
				CODE_SIGN_STYLE = Automatic;
				DEVELOPMENT_TEAM = VJZ2VP5AH7;
				ENABLE_BITCODE = NO;
				FRAMEWORK_SEARCH_PATHS = (
					"$(inherited)",
					"$(PROJECT_DIR)/frameworks",
				);
				INFOPLIST_FILE = QUICTester/Info.plist;
				LD_RUNPATH_SEARCH_PATHS = "$(inherited) @executable_path/Frameworks";
				OTHER_LDFLAGS = "-ObjC";
				PRODUCT_BUNDLE_IDENTIFIER = be.uclouvain.QUICTester;
				PRODUCT_NAME = "$(TARGET_NAME)";
				SWIFT_OBJC_BRIDGING_HEADER = "QUICTester/QUICTester-Bridging-Header.h";
				SWIFT_VERSION = 4.0;
				TARGETED_DEVICE_FAMILY = "1,2";
			};
			name = Release;
		};
		CEDAF2771F5FE8E100310153 /* Debug */ = {
			isa = XCBuildConfiguration;
			buildSettings = {
				ALWAYS_EMBED_SWIFT_STANDARD_LIBRARIES = YES;
				BUNDLE_LOADER = "$(TEST_HOST)";
				CODE_SIGN_STYLE = Automatic;
				DEVELOPMENT_TEAM = VJZ2VP5AH7;
				INFOPLIST_FILE = QUICTesterTests/Info.plist;
				LD_RUNPATH_SEARCH_PATHS = "$(inherited) @executable_path/Frameworks @loader_path/Frameworks";
				PRODUCT_BUNDLE_IDENTIFIER = be.uclouvain.QUICTesterTests;
				PRODUCT_NAME = "$(TARGET_NAME)";
				SWIFT_VERSION = 4.0;
				TARGETED_DEVICE_FAMILY = "1,2";
				TEST_HOST = "$(BUILT_PRODUCTS_DIR)/QUICTester.app/QUICTester";
			};
			name = Debug;
		};
		CEDAF2781F5FE8E100310153 /* Release */ = {
			isa = XCBuildConfiguration;
			buildSettings = {
				ALWAYS_EMBED_SWIFT_STANDARD_LIBRARIES = YES;
				BUNDLE_LOADER = "$(TEST_HOST)";
				CODE_SIGN_STYLE = Automatic;
				DEVELOPMENT_TEAM = VJZ2VP5AH7;
				INFOPLIST_FILE = QUICTesterTests/Info.plist;
				LD_RUNPATH_SEARCH_PATHS = "$(inherited) @executable_path/Frameworks @loader_path/Frameworks";
				PRODUCT_BUNDLE_IDENTIFIER = be.uclouvain.QUICTesterTests;
				PRODUCT_NAME = "$(TARGET_NAME)";
				SWIFT_VERSION = 4.0;
				TARGETED_DEVICE_FAMILY = "1,2";
				TEST_HOST = "$(BUILT_PRODUCTS_DIR)/QUICTester.app/QUICTester";
			};
			name = Release;
		};
		CEDAF27A1F5FE8E100310153 /* Debug */ = {
			isa = XCBuildConfiguration;
			buildSettings = {
				ALWAYS_EMBED_SWIFT_STANDARD_LIBRARIES = YES;
				CODE_SIGN_STYLE = Automatic;
				DEVELOPMENT_TEAM = VJZ2VP5AH7;
				INFOPLIST_FILE = QUICTesterUITests/Info.plist;
				LD_RUNPATH_SEARCH_PATHS = "$(inherited) @executable_path/Frameworks @loader_path/Frameworks";
				PRODUCT_BUNDLE_IDENTIFIER = be.uclouvain.QUICTesterUITests;
				PRODUCT_NAME = "$(TARGET_NAME)";
				SWIFT_VERSION = 4.0;
				TARGETED_DEVICE_FAMILY = "1,2";
				TEST_TARGET_NAME = QUICTester;
			};
			name = Debug;
		};
		CEDAF27B1F5FE8E100310153 /* Release */ = {
			isa = XCBuildConfiguration;
			buildSettings = {
				ALWAYS_EMBED_SWIFT_STANDARD_LIBRARIES = YES;
				CODE_SIGN_STYLE = Automatic;
				DEVELOPMENT_TEAM = VJZ2VP5AH7;
				INFOPLIST_FILE = QUICTesterUITests/Info.plist;
				LD_RUNPATH_SEARCH_PATHS = "$(inherited) @executable_path/Frameworks @loader_path/Frameworks";
				PRODUCT_BUNDLE_IDENTIFIER = be.uclouvain.QUICTesterUITests;
				PRODUCT_NAME = "$(TARGET_NAME)";
				SWIFT_VERSION = 4.0;
				TARGETED_DEVICE_FAMILY = "1,2";
				TEST_TARGET_NAME = QUICTester;
			};
			name = Release;
		};
/* End XCBuildConfiguration section */

/* Begin XCConfigurationList section */
		CEDAF2461F5FE8E000310153 /* Build configuration list for PBXProject "QUICTester" */ = {
			isa = XCConfigurationList;
			buildConfigurations = (
				CEDAF2711F5FE8E100310153 /* Debug */,
				CEDAF2721F5FE8E100310153 /* Release */,
			);
			defaultConfigurationIsVisible = 0;
			defaultConfigurationName = Release;
		};
		CEDAF2731F5FE8E100310153 /* Build configuration list for PBXNativeTarget "QUICTester" */ = {
			isa = XCConfigurationList;
			buildConfigurations = (
				CEDAF2741F5FE8E100310153 /* Debug */,
				CEDAF2751F5FE8E100310153 /* Release */,
			);
			defaultConfigurationIsVisible = 0;
			defaultConfigurationName = Release;
		};
		CEDAF2761F5FE8E100310153 /* Build configuration list for PBXNativeTarget "QUICTesterTests" */ = {
			isa = XCConfigurationList;
			buildConfigurations = (
				CEDAF2771F5FE8E100310153 /* Debug */,
				CEDAF2781F5FE8E100310153 /* Release */,
			);
			defaultConfigurationIsVisible = 0;
			defaultConfigurationName = Release;
		};
		CEDAF2791F5FE8E100310153 /* Build configuration list for PBXNativeTarget "QUICTesterUITests" */ = {
			isa = XCConfigurationList;
			buildConfigurations = (
				CEDAF27A1F5FE8E100310153 /* Debug */,
				CEDAF27B1F5FE8E100310153 /* Release */,
			);
			defaultConfigurationIsVisible = 0;
			defaultConfigurationName = Release;
		};
/* End XCConfigurationList section */
	};
	rootObject = CEDAF2431F5FE8E000310153 /* Project object */;
}
