// !$*UTF8*$!
{
	archiveVersion = 1;
	classes = {
	};
	objectVersion = 48;
	objects = {

/* Begin PBXBuildFile section */
		CE09053D20333E9400B1445A /* ConsentFormViewController.swift in Sources */ = {isa = PBXBuildFile; fileRef = CE09053C20333E9400B1445A /* ConsentFormViewController.swift */; };
		CE1362AD20765FDE001E58B2 /* ResultLabelViewController.swift in Sources */ = {isa = PBXBuildFile; fileRef = CE1362AC20765FDE001E58B2 /* ResultLabelViewController.swift */; };
		CE1362AF20766705001E58B2 /* ResultLineChartViewController.swift in Sources */ = {isa = PBXBuildFile; fileRef = CE1362AE20766705001E58B2 /* ResultLineChartViewController.swift */; };
		CE188F07204D5A7D009B1E18 /* TCPLogger.swift in Sources */ = {isa = PBXBuildFile; fileRef = CE188F06204D5A7D009B1E18 /* TCPLogger.swift */; };
		CE188F0A204FD615009B1E18 /* AtomicBoolean.swift in Sources */ = {isa = PBXBuildFile; fileRef = CE188F09204FD615009B1E18 /* AtomicBoolean.swift */; };
		CE23A8A41FD9534F00894CA7 /* Quictraffic.framework in Frameworks */ = {isa = PBXBuildFile; fileRef = CE23A8A31FD9534F00894CA7 /* Quictraffic.framework */; };
		CE2685002007B26E00462C6E /* BaseResult.swift in Sources */ = {isa = PBXBuildFile; fileRef = CE2684FF2007B26E00462C6E /* BaseResult.swift */; };
		CE2685032008A50100462C6E /* TestResultInstancesTableViewCell.swift in Sources */ = {isa = PBXBuildFile; fileRef = CE2685022008A50100462C6E /* TestResultInstancesTableViewCell.swift */; };
		CE2685052008A54C00462C6E /* TestResultInstancesTableViewController.swift in Sources */ = {isa = PBXBuildFile; fileRef = CE2685042008A54C00462C6E /* TestResultInstancesTableViewController.swift */; };
		CE2685072008AA1400462C6E /* TestResultDetailTableViewCell.swift in Sources */ = {isa = PBXBuildFile; fileRef = CE2685062008AA1400462C6E /* TestResultDetailTableViewCell.swift */; };
		CE2685092008BBB200462C6E /* TestResultInstanceDetailTextTableViewCell.swift in Sources */ = {isa = PBXBuildFile; fileRef = CE2685082008BBB200462C6E /* TestResultInstanceDetailTextTableViewCell.swift */; };
		CE26850B2008BC3300462C6E /* TestResultInstanceDetailLineChartTableViewCell.swift in Sources */ = {isa = PBXBuildFile; fileRef = CE26850A2008BC3300462C6E /* TestResultInstanceDetailLineChartTableViewCell.swift */; };
		CE26850E2008BD6B00462C6E /* TestResultInstanceDetailTableViewController.swift in Sources */ = {isa = PBXBuildFile; fileRef = CE26850D2008BD6B00462C6E /* TestResultInstanceDetailTableViewController.swift */; };
		CE2685112008E75400462C6E /* LineChartEntries.swift in Sources */ = {isa = PBXBuildFile; fileRef = CE2685102008E75400462C6E /* LineChartEntries.swift */; };
		CE2685142008E7EC00462C6E /* ChartEntries.swift in Sources */ = {isa = PBXBuildFile; fileRef = CE2685132008E7EC00462C6E /* ChartEntries.swift */; };
		CE2685162008E9E700462C6E /* MultiLineChartEntries.swift in Sources */ = {isa = PBXBuildFile; fileRef = CE2685152008E9E700462C6E /* MultiLineChartEntries.swift */; };
		CE268519200DED5200462C6E /* UIDevice.swift in Sources */ = {isa = PBXBuildFile; fileRef = CE268518200DED5200462C6E /* UIDevice.swift */; };
		CE26851B200F60BE00462C6E /* LocationTracker.swift in Sources */ = {isa = PBXBuildFile; fileRef = CE26851A200F60BE00462C6E /* LocationTracker.swift */; };
		CE26851D200F809A00462C6E /* Location.swift in Sources */ = {isa = PBXBuildFile; fileRef = CE26851C200F809A00462C6E /* Location.swift */; };
		CE268523200FACD200462C6E /* BenchmarkUUIDTableViewCell.swift in Sources */ = {isa = PBXBuildFile; fileRef = CE268522200FACD200462C6E /* BenchmarkUUIDTableViewCell.swift */; };
		CE2685272012201000462C6E /* IOCTL.m in Sources */ = {isa = PBXBuildFile; fileRef = CE2685262012201000462C6E /* IOCTL.m */; };
		CE26852D201239A400462C6E /* NetworkExtension.framework in Frameworks */ = {isa = PBXBuildFile; fileRef = CE26852C201239A400462C6E /* NetworkExtension.framework */; };
		CE26852F20163FFD00462C6E /* MobileMainViewController.swift in Sources */ = {isa = PBXBuildFile; fileRef = CE26852E20163FFD00462C6E /* MobileMainViewController.swift */; };
		CE268531201646F100462C6E /* QUICStreamTest.swift in Sources */ = {isa = PBXBuildFile; fileRef = CE268530201646F100462C6E /* QUICStreamTest.swift */; };
		CE26853320175EFB00462C6E /* DelayData.swift in Sources */ = {isa = PBXBuildFile; fileRef = CE26853220175EFB00462C6E /* DelayData.swift */; };
		CE29B9E11FD6AE2F0049A105 /* PerfResult.swift in Sources */ = {isa = PBXBuildFile; fileRef = CE29B9E01FD6AE2F0049A105 /* PerfResult.swift */; };
		CE29B9E31FD6FD660049A105 /* IntervalData.swift in Sources */ = {isa = PBXBuildFile; fileRef = CE29B9E21FD6FD660049A105 /* IntervalData.swift */; };
		CE29B9E51FD802FD0049A105 /* CWinData.swift in Sources */ = {isa = PBXBuildFile; fileRef = CE29B9E41FD802FD0049A105 /* CWinData.swift */; };
		CE29B9E91FD833610049A105 /* QUICReqResTest.swift in Sources */ = {isa = PBXBuildFile; fileRef = CE29B9E81FD833610049A105 /* QUICReqResTest.swift */; };
		CE29B9EB1FD838340049A105 /* ReqResResult.swift in Sources */ = {isa = PBXBuildFile; fileRef = CE29B9EA1FD838340049A105 /* ReqResResult.swift */; };
		CE4894F72028AF0100CBEED5 /* Array.swift in Sources */ = {isa = PBXBuildFile; fileRef = CE4894F62028AF0100CBEED5 /* Array.swift */; };
		CE4894FA202B2BE300CBEED5 /* InterfaceInfo.swift in Sources */ = {isa = PBXBuildFile; fileRef = CE4894F9202B2BE300CBEED5 /* InterfaceInfo.swift */; };
		CE4B90472018711100E71C5E /* StreamResult.swift in Sources */ = {isa = PBXBuildFile; fileRef = CE4B90462018711100E71C5E /* StreamResult.swift */; };
		CE58F46B1FC3463F009EA08F /* libxml2.tbd in Frameworks */ = {isa = PBXBuildFile; fileRef = CE58F46A1FC34631009EA08F /* libxml2.tbd */; };
		CE58F46D1FC34651009EA08F /* CFNetwork.framework in Frameworks */ = {isa = PBXBuildFile; fileRef = CE58F46C1FC3464A009EA08F /* CFNetwork.framework */; };
		CE58F46F1FC34660009EA08F /* MobileCoreServices.framework in Frameworks */ = {isa = PBXBuildFile; fileRef = CE58F46E1FC34659009EA08F /* MobileCoreServices.framework */; };
		CE58F4711FC3466E009EA08F /* Security.framework in Frameworks */ = {isa = PBXBuildFile; fileRef = CE58F4701FC34669009EA08F /* Security.framework */; };
		CE58F4731FC34677009EA08F /* SystemConfiguration.framework in Frameworks */ = {isa = PBXBuildFile; fileRef = CE58F4721FC34673009EA08F /* SystemConfiguration.framework */; };
		CE58F4801FCEA594009EA08F /* QUICConnectivityTest.swift in Sources */ = {isa = PBXBuildFile; fileRef = CE58F47F1FCEA594009EA08F /* QUICConnectivityTest.swift */; };
		CE58F4821FCEB03E009EA08F /* Test.swift in Sources */ = {isa = PBXBuildFile; fileRef = CE58F4811FCEB03E009EA08F /* Test.swift */; };
		CE58F4871FCEBCD3009EA08F /* RunConfig.swift in Sources */ = {isa = PBXBuildFile; fileRef = CE58F4861FCEBCD3009EA08F /* RunConfig.swift */; };
		CE58F48A1FCF1114009EA08F /* Utils.swift in Sources */ = {isa = PBXBuildFile; fileRef = CE58F4891FCF1114009EA08F /* Utils.swift */; };
		CE58F48C1FD163A8009EA08F /* BenchmarkTableViewController.swift in Sources */ = {isa = PBXBuildFile; fileRef = CE58F48B1FD163A8009EA08F /* BenchmarkTableViewController.swift */; };
		CE58F48F1FD1640F009EA08F /* Benchmark.swift in Sources */ = {isa = PBXBuildFile; fileRef = CE58F48E1FD1640F009EA08F /* Benchmark.swift */; };
		CE58F4911FD168D8009EA08F /* TestResult.swift in Sources */ = {isa = PBXBuildFile; fileRef = CE58F4901FD168D8009EA08F /* TestResult.swift */; };
		CE58F4931FD16A97009EA08F /* ConnectivityResult.swift in Sources */ = {isa = PBXBuildFile; fileRef = CE58F4921FD16A97009EA08F /* ConnectivityResult.swift */; };
		CE58F4951FD188DE009EA08F /* BenchmarkTableViewCell.swift in Sources */ = {isa = PBXBuildFile; fileRef = CE58F4941FD188DE009EA08F /* BenchmarkTableViewCell.swift */; };
		CE58F4971FD18E64009EA08F /* BaseTest.swift in Sources */ = {isa = PBXBuildFile; fileRef = CE58F4961FD18E63009EA08F /* BaseTest.swift */; };
		CE58F49B1FD193AD009EA08F /* Reachability.m in Sources */ = {isa = PBXBuildFile; fileRef = CE58F4991FD19351009EA08F /* Reachability.m */; };
		CE58F49D1FD195ED009EA08F /* TestResultsTableViewController.swift in Sources */ = {isa = PBXBuildFile; fileRef = CE58F49C1FD195ED009EA08F /* TestResultsTableViewController.swift */; };
		CE58F49F1FD19A15009EA08F /* TestResultsTableViewCell.swift in Sources */ = {isa = PBXBuildFile; fileRef = CE58F49E1FD19A15009EA08F /* TestResultsTableViewCell.swift */; };
		CE58F4A11FD57C58009EA08F /* QUICBulkDownloadTest.swift in Sources */ = {isa = PBXBuildFile; fileRef = CE58F4A01FD57C58009EA08F /* QUICBulkDownloadTest.swift */; };
		CE58F4A31FD57FD7009EA08F /* BulkDownloadResult.swift in Sources */ = {isa = PBXBuildFile; fileRef = CE58F4A21FD57FD7009EA08F /* BulkDownloadResult.swift */; };
		CE58F4A51FD6895D009EA08F /* QUICPerfTest.swift in Sources */ = {isa = PBXBuildFile; fileRef = CE58F4A41FD6895D009EA08F /* QUICPerfTest.swift */; };
		CE58F4A81FD68D36009EA08F /* RcvBytesData.swift in Sources */ = {isa = PBXBuildFile; fileRef = CE58F4A71FD68D36009EA08F /* RcvBytesData.swift */; };
		CE82BD72204198B70067F3D8 /* TCPConnectivityTest.swift in Sources */ = {isa = PBXBuildFile; fileRef = CE82BD71204198B70067F3D8 /* TCPConnectivityTest.swift */; };
		CE82BD742042C8AB0067F3D8 /* MutableCollection.swift in Sources */ = {isa = PBXBuildFile; fileRef = CE82BD732042C8AB0067F3D8 /* MutableCollection.swift */; };
		CE82BD762042C9640067F3D8 /* Sequence.swift in Sources */ = {isa = PBXBuildFile; fileRef = CE82BD752042C9640067F3D8 /* Sequence.swift */; };
		CE82BD792042CC270067F3D8 /* BaseConnectivityTest.swift in Sources */ = {isa = PBXBuildFile; fileRef = CE82BD782042CC270067F3D8 /* BaseConnectivityTest.swift */; };
		CE82BD7B2042E3AA0067F3D8 /* BaseBulkDownloadTest.swift in Sources */ = {isa = PBXBuildFile; fileRef = CE82BD7A2042E3AA0067F3D8 /* BaseBulkDownloadTest.swift */; };
		CE82BD7D2042E6F00067F3D8 /* TCPBulkDownloadTest.swift in Sources */ = {isa = PBXBuildFile; fileRef = CE82BD7C2042E6F00067F3D8 /* TCPBulkDownloadTest.swift */; };
		CE82BD7F204305780067F3D8 /* BaseStreamTest.swift in Sources */ = {isa = PBXBuildFile; fileRef = CE82BD7E204305780067F3D8 /* BaseStreamTest.swift */; };
		CE82BD8120430A070067F3D8 /* TCPStreamTest.swift in Sources */ = {isa = PBXBuildFile; fileRef = CE82BD8020430A070067F3D8 /* TCPStreamTest.swift */; };
		CE82BD8320458EAF0067F3D8 /* Binary.swift in Sources */ = {isa = PBXBuildFile; fileRef = CE82BD8220458EAF0067F3D8 /* Binary.swift */; };
		CE82BD852046B3110067F3D8 /* BasePerfTest.swift in Sources */ = {isa = PBXBuildFile; fileRef = CE82BD842046B3110067F3D8 /* BasePerfTest.swift */; };
		CE82BD872046B5450067F3D8 /* TCPPerfTest.swift in Sources */ = {isa = PBXBuildFile; fileRef = CE82BD862046B5450067F3D8 /* TCPPerfTest.swift */; };
		CE8980ED203AEC4400E64953 /* AboutViewController.swift in Sources */ = {isa = PBXBuildFile; fileRef = CE8980EC203AEC4400E64953 /* AboutViewController.swift */; };
		CE8E284B1F695450004F1558 /* TCPClientReqRes.swift in Sources */ = {isa = PBXBuildFile; fileRef = CE8E284A1F695450004F1558 /* TCPClientReqRes.swift */; };
		CE8E284D1F696334004F1558 /* TCPClientBulk.swift in Sources */ = {isa = PBXBuildFile; fileRef = CE8E284C1F696334004F1558 /* TCPClientBulk.swift */; };
		CE8E284F1F6966FC004F1558 /* TCPClientSiri.swift in Sources */ = {isa = PBXBuildFile; fileRef = CE8E284E1F6966FC004F1558 /* TCPClientSiri.swift */; };
		CEA4CF38207BAC2C00650DFF /* DownloadSessionDelegate.swift in Sources */ = {isa = PBXBuildFile; fileRef = CEA4CF37207BAC2C00650DFF /* DownloadSessionDelegate.swift */; };
		CEA702E22003C6A000FDFB89 /* Charts.framework in Frameworks */ = {isa = PBXBuildFile; fileRef = CEA702DF2003C66900FDFB89 /* Charts.framework */; };
		CEA702E32003C6A000FDFB89 /* Charts.framework in Embed Frameworks */ = {isa = PBXBuildFile; fileRef = CEA702DF2003C66900FDFB89 /* Charts.framework */; settings = {ATTRIBUTES = (CodeSignOnCopy, RemoveHeadersOnCopy, ); }; };
		CEA702E82003D67100FDFB89 /* MobileRunnerViewController.swift in Sources */ = {isa = PBXBuildFile; fileRef = CEA702E72003D67100FDFB89 /* MobileRunnerViewController.swift */; };
		CEA702F02003DB4D00FDFB89 /* DateValueFormatter.swift in Sources */ = {isa = PBXBuildFile; fileRef = CEA702EC2003DB4D00FDFB89 /* DateValueFormatter.swift */; };
		CEA702F12003DB4D00FDFB89 /* IntAxisValueFormatter.swift in Sources */ = {isa = PBXBuildFile; fileRef = CEA702ED2003DB4D00FDFB89 /* IntAxisValueFormatter.swift */; };
		CEA702F22003DB4D00FDFB89 /* DayAxisValueFormatter.swift in Sources */ = {isa = PBXBuildFile; fileRef = CEA702EE2003DB4D00FDFB89 /* DayAxisValueFormatter.swift */; };
		CEA702F32003DB4D00FDFB89 /* LargeValueFormatter.swift in Sources */ = {isa = PBXBuildFile; fileRef = CEA702EF2003DB4D00FDFB89 /* LargeValueFormatter.swift */; };
		CEA702F62003E10E00FDFB89 /* BalloonMarker.swift in Sources */ = {isa = PBXBuildFile; fileRef = CEA702F52003E10E00FDFB89 /* BalloonMarker.swift */; };
		CEA702FA2004C64400FDFB89 /* LineChartHelper.swift in Sources */ = {isa = PBXBuildFile; fileRef = CEA702F92004C64400FDFB89 /* LineChartHelper.swift */; };
		CEA702FC2004CD4200FDFB89 /* MultiLineChartHelper.swift in Sources */ = {isa = PBXBuildFile; fileRef = CEA702FB2004CD4200FDFB89 /* MultiLineChartHelper.swift */; };
		CEA702FF2005072000FDFB89 /* StaticMainViewController.swift in Sources */ = {isa = PBXBuildFile; fileRef = CEA702FE2005072000FDFB89 /* StaticMainViewController.swift */; };
		CEA703072005084C00FDFB89 /* UICircularProgressRingStyle.swift in Sources */ = {isa = PBXBuildFile; fileRef = CEA703012005084C00FDFB89 /* UICircularProgressRingStyle.swift */; };
		CEA703082005084C00FDFB89 /* UICircularProgressRingDelegate.swift in Sources */ = {isa = PBXBuildFile; fileRef = CEA703022005084C00FDFB89 /* UICircularProgressRingDelegate.swift */; };
		CEA703092005084C00FDFB89 /* UICircularProgressRingView.swift in Sources */ = {isa = PBXBuildFile; fileRef = CEA703032005084C00FDFB89 /* UICircularProgressRingView.swift */; };
		CEA7030A2005084C00FDFB89 /* UICircularProgressRingGradientPosition.swift in Sources */ = {isa = PBXBuildFile; fileRef = CEA703052005084C00FDFB89 /* UICircularProgressRingGradientPosition.swift */; };
		CEA7030B2005084C00FDFB89 /* UICircularProgressRingLayer.swift in Sources */ = {isa = PBXBuildFile; fileRef = CEA703062005084C00FDFB89 /* UICircularProgressRingLayer.swift */; };
		CEA7030D20050C3800FDFB89 /* StaticTestTableViewCell.swift in Sources */ = {isa = PBXBuildFile; fileRef = CEA7030C20050C3800FDFB89 /* StaticTestTableViewCell.swift */; };
		CEA7030F2005116900FDFB89 /* StaticRunnerViewController.swift in Sources */ = {isa = PBXBuildFile; fileRef = CEA7030E2005116900FDFB89 /* StaticRunnerViewController.swift */; };
		CEA70311200619D800FDFB89 /* Connectivity.swift in Sources */ = {isa = PBXBuildFile; fileRef = CEA70310200619D800FDFB89 /* Connectivity.swift */; };
		CEA703132006615A00FDFB89 /* AnyTestResult.swift in Sources */ = {isa = PBXBuildFile; fileRef = CEA703122006615A00FDFB89 /* AnyTestResult.swift */; };
		CEA70316200679C900FDFB89 /* BenchmarkSummaryTableViewCell.swift in Sources */ = {isa = PBXBuildFile; fileRef = CEA70315200679C900FDFB89 /* BenchmarkSummaryTableViewCell.swift */; };
		CEA7031820067A4900FDFB89 /* BenchmarkSummaryTableViewController.swift in Sources */ = {isa = PBXBuildFile; fileRef = CEA7031720067A4900FDFB89 /* BenchmarkSummaryTableViewController.swift */; };
		CEA7031A20076D2500FDFB89 /* BenchmarkDetailTableViewController.swift in Sources */ = {isa = PBXBuildFile; fileRef = CEA7031920076D2500FDFB89 /* BenchmarkDetailTableViewController.swift */; };
		CEA7031C200777C300FDFB89 /* BenchmarkDetailTableViewCell.swift in Sources */ = {isa = PBXBuildFile; fileRef = CEA7031B200777C300FDFB89 /* BenchmarkDetailTableViewCell.swift */; };
		CED4B5201F97972500E6F86E /* TCPFileDescriptorFinder.swift in Sources */ = {isa = PBXBuildFile; fileRef = CED4B51F1F97972500E6F86E /* TCPFileDescriptorFinder.swift */; };
		CED4B5221F9F7FE300E6F86E /* TCPInfoConverter.swift in Sources */ = {isa = PBXBuildFile; fileRef = CED4B5211F9F7FE300E6F86E /* TCPInfoConverter.swift */; };
		CEDAF24F1F5FE8E000310153 /* AppDelegate.swift in Sources */ = {isa = PBXBuildFile; fileRef = CEDAF24E1F5FE8E000310153 /* AppDelegate.swift */; };
		CEDAF2541F5FE8E000310153 /* Main.storyboard in Resources */ = {isa = PBXBuildFile; fileRef = CEDAF2521F5FE8E000310153 /* Main.storyboard */; };
		CEDAF2561F5FE8E000310153 /* Assets.xcassets in Resources */ = {isa = PBXBuildFile; fileRef = CEDAF2551F5FE8E000310153 /* Assets.xcassets */; };
		CEDAF2591F5FE8E000310153 /* LaunchScreen.storyboard in Resources */ = {isa = PBXBuildFile; fileRef = CEDAF2571F5FE8E000310153 /* LaunchScreen.storyboard */; };
		CEDAF2641F5FE8E100310153 /* QUICTesterTests.swift in Sources */ = {isa = PBXBuildFile; fileRef = CEDAF2631F5FE8E100310153 /* QUICTesterTests.swift */; };
		CEDAF26F1F5FE8E100310153 /* QUICTesterUITests.swift in Sources */ = {isa = PBXBuildFile; fileRef = CEDAF26E1F5FE8E100310153 /* QUICTesterUITests.swift */; };
/* End PBXBuildFile section */

/* Begin PBXContainerItemProxy section */
		CEA702DE2003C66900FDFB89 /* PBXContainerItemProxy */ = {
			isa = PBXContainerItemProxy;
			containerPortal = CEA702D92003C66800FDFB89 /* Charts.xcodeproj */;
			proxyType = 2;
			remoteGlobalIDString = 65AD9E95D9ED4DC0BD73A743;
			remoteInfo = Charts;
		};
		CEA702E02003C66900FDFB89 /* PBXContainerItemProxy */ = {
			isa = PBXContainerItemProxy;
			containerPortal = CEA702D92003C66800FDFB89 /* Charts.xcodeproj */;
			proxyType = 2;
			remoteGlobalIDString = 1CBBC58C6CE1EBEE9852CE41;
			remoteInfo = ChartsTests;
		};
		CEA702E42003C6A000FDFB89 /* PBXContainerItemProxy */ = {
			isa = PBXContainerItemProxy;
			containerPortal = CEA702D92003C66800FDFB89 /* Charts.xcodeproj */;
			proxyType = 1;
			remoteGlobalIDString = A58A4ED274A941CA248EA921;
			remoteInfo = Charts;
		};
		CEDAF2601F5FE8E100310153 /* PBXContainerItemProxy */ = {
			isa = PBXContainerItemProxy;
			containerPortal = CEDAF2431F5FE8E000310153 /* Project object */;
			proxyType = 1;
			remoteGlobalIDString = CEDAF24A1F5FE8E000310153;
			remoteInfo = QUICTester;
		};
		CEDAF26B1F5FE8E100310153 /* PBXContainerItemProxy */ = {
			isa = PBXContainerItemProxy;
			containerPortal = CEDAF2431F5FE8E000310153 /* Project object */;
			proxyType = 1;
			remoteGlobalIDString = CEDAF24A1F5FE8E000310153;
			remoteInfo = QUICTester;
		};
/* End PBXContainerItemProxy section */

/* Begin PBXCopyFilesBuildPhase section */
		CEA702E62003C6A000FDFB89 /* Embed Frameworks */ = {
			isa = PBXCopyFilesBuildPhase;
			buildActionMask = 2147483647;
			dstPath = "";
			dstSubfolderSpec = 10;
			files = (
				CEA702E32003C6A000FDFB89 /* Charts.framework in Embed Frameworks */,
			);
			name = "Embed Frameworks";
			runOnlyForDeploymentPostprocessing = 0;
		};
/* End PBXCopyFilesBuildPhase section */

/* Begin PBXFileReference section */
		CE09053C20333E9400B1445A /* ConsentFormViewController.swift */ = {isa = PBXFileReference; lastKnownFileType = sourcecode.swift; path = ConsentFormViewController.swift; sourceTree = "<group>"; };
		CE1362AC20765FDE001E58B2 /* ResultLabelViewController.swift */ = {isa = PBXFileReference; lastKnownFileType = sourcecode.swift; path = ResultLabelViewController.swift; sourceTree = "<group>"; };
		CE1362AE20766705001E58B2 /* ResultLineChartViewController.swift */ = {isa = PBXFileReference; lastKnownFileType = sourcecode.swift; path = ResultLineChartViewController.swift; sourceTree = "<group>"; };
		CE188F06204D5A7D009B1E18 /* TCPLogger.swift */ = {isa = PBXFileReference; lastKnownFileType = sourcecode.swift; path = TCPLogger.swift; sourceTree = "<group>"; };
		CE188F09204FD615009B1E18 /* AtomicBoolean.swift */ = {isa = PBXFileReference; lastKnownFileType = sourcecode.swift; path = AtomicBoolean.swift; sourceTree = "<group>"; };
		CE21D42B1F67ECF300056940 /* MultipathTester.entitlements */ = {isa = PBXFileReference; lastKnownFileType = text.plist.entitlements; path = MultipathTester.entitlements; sourceTree = "<group>"; };
		CE23A8A31FD9534F00894CA7 /* Quictraffic.framework */ = {isa = PBXFileReference; lastKnownFileType = wrapper.framework; path = Quictraffic.framework; sourceTree = "<group>"; };
		CE2684FF2007B26E00462C6E /* BaseResult.swift */ = {isa = PBXFileReference; lastKnownFileType = sourcecode.swift; path = BaseResult.swift; sourceTree = "<group>"; };
		CE2685022008A50100462C6E /* TestResultInstancesTableViewCell.swift */ = {isa = PBXFileReference; lastKnownFileType = sourcecode.swift; path = TestResultInstancesTableViewCell.swift; sourceTree = "<group>"; };
		CE2685042008A54C00462C6E /* TestResultInstancesTableViewController.swift */ = {isa = PBXFileReference; lastKnownFileType = sourcecode.swift; path = TestResultInstancesTableViewController.swift; sourceTree = "<group>"; };
		CE2685062008AA1400462C6E /* TestResultDetailTableViewCell.swift */ = {isa = PBXFileReference; lastKnownFileType = sourcecode.swift; path = TestResultDetailTableViewCell.swift; sourceTree = "<group>"; };
		CE2685082008BBB200462C6E /* TestResultInstanceDetailTextTableViewCell.swift */ = {isa = PBXFileReference; lastKnownFileType = sourcecode.swift; path = TestResultInstanceDetailTextTableViewCell.swift; sourceTree = "<group>"; };
		CE26850A2008BC3300462C6E /* TestResultInstanceDetailLineChartTableViewCell.swift */ = {isa = PBXFileReference; lastKnownFileType = sourcecode.swift; path = TestResultInstanceDetailLineChartTableViewCell.swift; sourceTree = "<group>"; };
		CE26850D2008BD6B00462C6E /* TestResultInstanceDetailTableViewController.swift */ = {isa = PBXFileReference; lastKnownFileType = sourcecode.swift; path = TestResultInstanceDetailTableViewController.swift; sourceTree = "<group>"; };
		CE2685102008E75400462C6E /* LineChartEntries.swift */ = {isa = PBXFileReference; lastKnownFileType = sourcecode.swift; path = LineChartEntries.swift; sourceTree = "<group>"; };
		CE2685132008E7EC00462C6E /* ChartEntries.swift */ = {isa = PBXFileReference; lastKnownFileType = sourcecode.swift; path = ChartEntries.swift; sourceTree = "<group>"; };
		CE2685152008E9E700462C6E /* MultiLineChartEntries.swift */ = {isa = PBXFileReference; lastKnownFileType = sourcecode.swift; path = MultiLineChartEntries.swift; sourceTree = "<group>"; };
		CE268518200DED5200462C6E /* UIDevice.swift */ = {isa = PBXFileReference; lastKnownFileType = sourcecode.swift; path = UIDevice.swift; sourceTree = "<group>"; };
		CE26851A200F60BE00462C6E /* LocationTracker.swift */ = {isa = PBXFileReference; lastKnownFileType = sourcecode.swift; path = LocationTracker.swift; sourceTree = "<group>"; };
		CE26851C200F809A00462C6E /* Location.swift */ = {isa = PBXFileReference; lastKnownFileType = sourcecode.swift; path = Location.swift; sourceTree = "<group>"; };
		CE268522200FACD200462C6E /* BenchmarkUUIDTableViewCell.swift */ = {isa = PBXFileReference; lastKnownFileType = sourcecode.swift; path = BenchmarkUUIDTableViewCell.swift; sourceTree = "<group>"; };
		CE2685262012201000462C6E /* IOCTL.m */ = {isa = PBXFileReference; lastKnownFileType = sourcecode.c.objc; path = IOCTL.m; sourceTree = "<group>"; };
		CE2685282012205800462C6E /* IOCTL.h */ = {isa = PBXFileReference; lastKnownFileType = sourcecode.c.h; path = IOCTL.h; sourceTree = "<group>"; };
		CE26852C201239A400462C6E /* NetworkExtension.framework */ = {isa = PBXFileReference; lastKnownFileType = wrapper.framework; name = NetworkExtension.framework; path = System/Library/Frameworks/NetworkExtension.framework; sourceTree = SDKROOT; };
		CE26852E20163FFD00462C6E /* MobileMainViewController.swift */ = {isa = PBXFileReference; lastKnownFileType = sourcecode.swift; path = MobileMainViewController.swift; sourceTree = "<group>"; };
		CE268530201646F100462C6E /* QUICStreamTest.swift */ = {isa = PBXFileReference; lastKnownFileType = sourcecode.swift; path = QUICStreamTest.swift; sourceTree = "<group>"; };
		CE26853220175EFB00462C6E /* DelayData.swift */ = {isa = PBXFileReference; lastKnownFileType = sourcecode.swift; path = DelayData.swift; sourceTree = "<group>"; };
		CE29B9E01FD6AE2F0049A105 /* PerfResult.swift */ = {isa = PBXFileReference; lastKnownFileType = sourcecode.swift; path = PerfResult.swift; sourceTree = "<group>"; };
		CE29B9E21FD6FD660049A105 /* IntervalData.swift */ = {isa = PBXFileReference; lastKnownFileType = sourcecode.swift; path = IntervalData.swift; sourceTree = "<group>"; };
		CE29B9E41FD802FD0049A105 /* CWinData.swift */ = {isa = PBXFileReference; lastKnownFileType = sourcecode.swift; path = CWinData.swift; sourceTree = "<group>"; };
		CE29B9E81FD833610049A105 /* QUICReqResTest.swift */ = {isa = PBXFileReference; lastKnownFileType = sourcecode.swift; path = QUICReqResTest.swift; sourceTree = "<group>"; };
		CE29B9EA1FD838340049A105 /* ReqResResult.swift */ = {isa = PBXFileReference; lastKnownFileType = sourcecode.swift; path = ReqResResult.swift; sourceTree = "<group>"; };
		CE4894F62028AF0100CBEED5 /* Array.swift */ = {isa = PBXFileReference; lastKnownFileType = sourcecode.swift; path = Array.swift; sourceTree = "<group>"; };
		CE4894F9202B2BE300CBEED5 /* InterfaceInfo.swift */ = {isa = PBXFileReference; lastKnownFileType = sourcecode.swift; path = InterfaceInfo.swift; sourceTree = "<group>"; };
		CE4B90462018711100E71C5E /* StreamResult.swift */ = {isa = PBXFileReference; lastKnownFileType = sourcecode.swift; path = StreamResult.swift; sourceTree = "<group>"; };
		CE58F46A1FC34631009EA08F /* libxml2.tbd */ = {isa = PBXFileReference; lastKnownFileType = "sourcecode.text-based-dylib-definition"; name = libxml2.tbd; path = usr/lib/libxml2.tbd; sourceTree = SDKROOT; };
		CE58F46C1FC3464A009EA08F /* CFNetwork.framework */ = {isa = PBXFileReference; lastKnownFileType = wrapper.framework; name = CFNetwork.framework; path = System/Library/Frameworks/CFNetwork.framework; sourceTree = SDKROOT; };
		CE58F46E1FC34659009EA08F /* MobileCoreServices.framework */ = {isa = PBXFileReference; lastKnownFileType = wrapper.framework; name = MobileCoreServices.framework; path = System/Library/Frameworks/MobileCoreServices.framework; sourceTree = SDKROOT; };
		CE58F4701FC34669009EA08F /* Security.framework */ = {isa = PBXFileReference; lastKnownFileType = wrapper.framework; name = Security.framework; path = System/Library/Frameworks/Security.framework; sourceTree = SDKROOT; };
		CE58F4721FC34673009EA08F /* SystemConfiguration.framework */ = {isa = PBXFileReference; lastKnownFileType = wrapper.framework; name = SystemConfiguration.framework; path = System/Library/Frameworks/SystemConfiguration.framework; sourceTree = SDKROOT; };
		CE58F4751FC41BAE009EA08F /* MultipathTester-Bridging-Header.h */ = {isa = PBXFileReference; lastKnownFileType = sourcecode.c.h; path = "MultipathTester-Bridging-Header.h"; sourceTree = "<group>"; };
		CE58F47F1FCEA594009EA08F /* QUICConnectivityTest.swift */ = {isa = PBXFileReference; lastKnownFileType = sourcecode.swift; path = QUICConnectivityTest.swift; sourceTree = "<group>"; };
		CE58F4811FCEB03E009EA08F /* Test.swift */ = {isa = PBXFileReference; lastKnownFileType = sourcecode.swift; path = Test.swift; sourceTree = "<group>"; };
		CE58F4861FCEBCD3009EA08F /* RunConfig.swift */ = {isa = PBXFileReference; lastKnownFileType = sourcecode.swift; path = RunConfig.swift; sourceTree = "<group>"; };
		CE58F4891FCF1114009EA08F /* Utils.swift */ = {isa = PBXFileReference; lastKnownFileType = sourcecode.swift; path = Utils.swift; sourceTree = "<group>"; };
		CE58F48B1FD163A8009EA08F /* BenchmarkTableViewController.swift */ = {isa = PBXFileReference; lastKnownFileType = sourcecode.swift; path = BenchmarkTableViewController.swift; sourceTree = "<group>"; };
		CE58F48E1FD1640F009EA08F /* Benchmark.swift */ = {isa = PBXFileReference; lastKnownFileType = sourcecode.swift; path = Benchmark.swift; sourceTree = "<group>"; };
		CE58F4901FD168D8009EA08F /* TestResult.swift */ = {isa = PBXFileReference; lastKnownFileType = sourcecode.swift; path = TestResult.swift; sourceTree = "<group>"; };
		CE58F4921FD16A97009EA08F /* ConnectivityResult.swift */ = {isa = PBXFileReference; lastKnownFileType = sourcecode.swift; path = ConnectivityResult.swift; sourceTree = "<group>"; };
		CE58F4941FD188DE009EA08F /* BenchmarkTableViewCell.swift */ = {isa = PBXFileReference; lastKnownFileType = sourcecode.swift; path = BenchmarkTableViewCell.swift; sourceTree = "<group>"; };
		CE58F4961FD18E63009EA08F /* BaseTest.swift */ = {isa = PBXFileReference; lastKnownFileType = sourcecode.swift; path = BaseTest.swift; sourceTree = "<group>"; };
		CE58F4991FD19351009EA08F /* Reachability.m */ = {isa = PBXFileReference; lastKnownFileType = sourcecode.c.objc; name = Reachability.m; path = Reachability/Reachability.m; sourceTree = "<group>"; };
		CE58F49A1FD19351009EA08F /* Reachability.h */ = {isa = PBXFileReference; lastKnownFileType = sourcecode.c.h; name = Reachability.h; path = Reachability/Reachability.h; sourceTree = "<group>"; };
		CE58F49C1FD195ED009EA08F /* TestResultsTableViewController.swift */ = {isa = PBXFileReference; lastKnownFileType = sourcecode.swift; path = TestResultsTableViewController.swift; sourceTree = "<group>"; };
		CE58F49E1FD19A15009EA08F /* TestResultsTableViewCell.swift */ = {isa = PBXFileReference; lastKnownFileType = sourcecode.swift; path = TestResultsTableViewCell.swift; sourceTree = "<group>"; };
		CE58F4A01FD57C58009EA08F /* QUICBulkDownloadTest.swift */ = {isa = PBXFileReference; lastKnownFileType = sourcecode.swift; path = QUICBulkDownloadTest.swift; sourceTree = "<group>"; };
		CE58F4A21FD57FD7009EA08F /* BulkDownloadResult.swift */ = {isa = PBXFileReference; lastKnownFileType = sourcecode.swift; path = BulkDownloadResult.swift; sourceTree = "<group>"; };
		CE58F4A41FD6895D009EA08F /* QUICPerfTest.swift */ = {isa = PBXFileReference; lastKnownFileType = sourcecode.swift; path = QUICPerfTest.swift; sourceTree = "<group>"; };
		CE58F4A71FD68D36009EA08F /* RcvBytesData.swift */ = {isa = PBXFileReference; lastKnownFileType = sourcecode.swift; path = RcvBytesData.swift; sourceTree = "<group>"; };
		CE82BD71204198B70067F3D8 /* TCPConnectivityTest.swift */ = {isa = PBXFileReference; lastKnownFileType = sourcecode.swift; path = TCPConnectivityTest.swift; sourceTree = "<group>"; };
		CE82BD732042C8AB0067F3D8 /* MutableCollection.swift */ = {isa = PBXFileReference; lastKnownFileType = sourcecode.swift; path = MutableCollection.swift; sourceTree = "<group>"; };
		CE82BD752042C9640067F3D8 /* Sequence.swift */ = {isa = PBXFileReference; lastKnownFileType = sourcecode.swift; path = Sequence.swift; sourceTree = "<group>"; };
		CE82BD782042CC270067F3D8 /* BaseConnectivityTest.swift */ = {isa = PBXFileReference; lastKnownFileType = sourcecode.swift; path = BaseConnectivityTest.swift; sourceTree = "<group>"; };
		CE82BD7A2042E3AA0067F3D8 /* BaseBulkDownloadTest.swift */ = {isa = PBXFileReference; lastKnownFileType = sourcecode.swift; path = BaseBulkDownloadTest.swift; sourceTree = "<group>"; };
		CE82BD7C2042E6F00067F3D8 /* TCPBulkDownloadTest.swift */ = {isa = PBXFileReference; lastKnownFileType = sourcecode.swift; path = TCPBulkDownloadTest.swift; sourceTree = "<group>"; };
		CE82BD7E204305780067F3D8 /* BaseStreamTest.swift */ = {isa = PBXFileReference; lastKnownFileType = sourcecode.swift; path = BaseStreamTest.swift; sourceTree = "<group>"; };
		CE82BD8020430A070067F3D8 /* TCPStreamTest.swift */ = {isa = PBXFileReference; lastKnownFileType = sourcecode.swift; path = TCPStreamTest.swift; sourceTree = "<group>"; };
		CE82BD8220458EAF0067F3D8 /* Binary.swift */ = {isa = PBXFileReference; lastKnownFileType = sourcecode.swift; path = Binary.swift; sourceTree = "<group>"; };
		CE82BD842046B3110067F3D8 /* BasePerfTest.swift */ = {isa = PBXFileReference; lastKnownFileType = sourcecode.swift; path = BasePerfTest.swift; sourceTree = "<group>"; };
		CE82BD862046B5450067F3D8 /* TCPPerfTest.swift */ = {isa = PBXFileReference; lastKnownFileType = sourcecode.swift; path = TCPPerfTest.swift; sourceTree = "<group>"; };
		CE8980EC203AEC4400E64953 /* AboutViewController.swift */ = {isa = PBXFileReference; lastKnownFileType = sourcecode.swift; path = AboutViewController.swift; sourceTree = "<group>"; };
		CE8E284A1F695450004F1558 /* TCPClientReqRes.swift */ = {isa = PBXFileReference; lastKnownFileType = sourcecode.swift; path = TCPClientReqRes.swift; sourceTree = "<group>"; };
		CE8E284C1F696334004F1558 /* TCPClientBulk.swift */ = {isa = PBXFileReference; lastKnownFileType = sourcecode.swift; path = TCPClientBulk.swift; sourceTree = "<group>"; };
		CE8E284E1F6966FC004F1558 /* TCPClientSiri.swift */ = {isa = PBXFileReference; lastKnownFileType = sourcecode.swift; path = TCPClientSiri.swift; sourceTree = "<group>"; };
		CEA4CF37207BAC2C00650DFF /* DownloadSessionDelegate.swift */ = {isa = PBXFileReference; lastKnownFileType = sourcecode.swift; path = DownloadSessionDelegate.swift; sourceTree = "<group>"; };
		CEA702D92003C66800FDFB89 /* Charts.xcodeproj */ = {isa = PBXFileReference; lastKnownFileType = "wrapper.pb-project"; path = Charts.xcodeproj; sourceTree = "<group>"; };
		CEA702E72003D67100FDFB89 /* MobileRunnerViewController.swift */ = {isa = PBXFileReference; lastKnownFileType = sourcecode.swift; path = MobileRunnerViewController.swift; sourceTree = "<group>"; };
		CEA702EC2003DB4D00FDFB89 /* DateValueFormatter.swift */ = {isa = PBXFileReference; fileEncoding = 4; lastKnownFileType = sourcecode.swift; path = DateValueFormatter.swift; sourceTree = "<group>"; };
		CEA702ED2003DB4D00FDFB89 /* IntAxisValueFormatter.swift */ = {isa = PBXFileReference; fileEncoding = 4; lastKnownFileType = sourcecode.swift; path = IntAxisValueFormatter.swift; sourceTree = "<group>"; };
		CEA702EE2003DB4D00FDFB89 /* DayAxisValueFormatter.swift */ = {isa = PBXFileReference; fileEncoding = 4; lastKnownFileType = sourcecode.swift; path = DayAxisValueFormatter.swift; sourceTree = "<group>"; };
		CEA702EF2003DB4D00FDFB89 /* LargeValueFormatter.swift */ = {isa = PBXFileReference; fileEncoding = 4; lastKnownFileType = sourcecode.swift; path = LargeValueFormatter.swift; sourceTree = "<group>"; };
		CEA702F52003E10E00FDFB89 /* BalloonMarker.swift */ = {isa = PBXFileReference; fileEncoding = 4; lastKnownFileType = sourcecode.swift; path = BalloonMarker.swift; sourceTree = "<group>"; };
		CEA702F92004C64400FDFB89 /* LineChartHelper.swift */ = {isa = PBXFileReference; lastKnownFileType = sourcecode.swift; path = LineChartHelper.swift; sourceTree = "<group>"; };
		CEA702FB2004CD4200FDFB89 /* MultiLineChartHelper.swift */ = {isa = PBXFileReference; lastKnownFileType = sourcecode.swift; path = MultiLineChartHelper.swift; sourceTree = "<group>"; };
		CEA702FE2005072000FDFB89 /* StaticMainViewController.swift */ = {isa = PBXFileReference; lastKnownFileType = sourcecode.swift; path = StaticMainViewController.swift; sourceTree = "<group>"; };
		CEA703012005084C00FDFB89 /* UICircularProgressRingStyle.swift */ = {isa = PBXFileReference; fileEncoding = 4; lastKnownFileType = sourcecode.swift; path = UICircularProgressRingStyle.swift; sourceTree = "<group>"; };
		CEA703022005084C00FDFB89 /* UICircularProgressRingDelegate.swift */ = {isa = PBXFileReference; fileEncoding = 4; lastKnownFileType = sourcecode.swift; path = UICircularProgressRingDelegate.swift; sourceTree = "<group>"; };
		CEA703032005084C00FDFB89 /* UICircularProgressRingView.swift */ = {isa = PBXFileReference; fileEncoding = 4; lastKnownFileType = sourcecode.swift; path = UICircularProgressRingView.swift; sourceTree = "<group>"; };
		CEA703042005084C00FDFB89 /* UICircularProgressRing.h */ = {isa = PBXFileReference; fileEncoding = 4; lastKnownFileType = sourcecode.c.h; path = UICircularProgressRing.h; sourceTree = "<group>"; };
		CEA703052005084C00FDFB89 /* UICircularProgressRingGradientPosition.swift */ = {isa = PBXFileReference; fileEncoding = 4; lastKnownFileType = sourcecode.swift; path = UICircularProgressRingGradientPosition.swift; sourceTree = "<group>"; };
		CEA703062005084C00FDFB89 /* UICircularProgressRingLayer.swift */ = {isa = PBXFileReference; fileEncoding = 4; lastKnownFileType = sourcecode.swift; path = UICircularProgressRingLayer.swift; sourceTree = "<group>"; };
		CEA7030C20050C3800FDFB89 /* StaticTestTableViewCell.swift */ = {isa = PBXFileReference; lastKnownFileType = sourcecode.swift; path = StaticTestTableViewCell.swift; sourceTree = "<group>"; };
		CEA7030E2005116900FDFB89 /* StaticRunnerViewController.swift */ = {isa = PBXFileReference; lastKnownFileType = sourcecode.swift; path = StaticRunnerViewController.swift; sourceTree = "<group>"; };
		CEA70310200619D800FDFB89 /* Connectivity.swift */ = {isa = PBXFileReference; lastKnownFileType = sourcecode.swift; path = Connectivity.swift; sourceTree = "<group>"; };
		CEA703122006615A00FDFB89 /* AnyTestResult.swift */ = {isa = PBXFileReference; lastKnownFileType = sourcecode.swift; path = AnyTestResult.swift; sourceTree = "<group>"; };
		CEA70315200679C900FDFB89 /* BenchmarkSummaryTableViewCell.swift */ = {isa = PBXFileReference; lastKnownFileType = sourcecode.swift; path = BenchmarkSummaryTableViewCell.swift; sourceTree = "<group>"; };
		CEA7031720067A4900FDFB89 /* BenchmarkSummaryTableViewController.swift */ = {isa = PBXFileReference; lastKnownFileType = sourcecode.swift; path = BenchmarkSummaryTableViewController.swift; sourceTree = "<group>"; };
		CEA7031920076D2500FDFB89 /* BenchmarkDetailTableViewController.swift */ = {isa = PBXFileReference; lastKnownFileType = sourcecode.swift; path = BenchmarkDetailTableViewController.swift; sourceTree = "<group>"; };
		CEA7031B200777C300FDFB89 /* BenchmarkDetailTableViewCell.swift */ = {isa = PBXFileReference; lastKnownFileType = sourcecode.swift; path = BenchmarkDetailTableViewCell.swift; sourceTree = "<group>"; };
		CED4B51F1F97972500E6F86E /* TCPFileDescriptorFinder.swift */ = {isa = PBXFileReference; lastKnownFileType = sourcecode.swift; path = TCPFileDescriptorFinder.swift; sourceTree = "<group>"; };
		CED4B5211F9F7FE300E6F86E /* TCPInfoConverter.swift */ = {isa = PBXFileReference; lastKnownFileType = sourcecode.swift; path = TCPInfoConverter.swift; sourceTree = "<group>"; };
		CEDAF24B1F5FE8E000310153 /* MultipathTester.app */ = {isa = PBXFileReference; explicitFileType = wrapper.application; includeInIndex = 0; path = MultipathTester.app; sourceTree = BUILT_PRODUCTS_DIR; };
		CEDAF24E1F5FE8E000310153 /* AppDelegate.swift */ = {isa = PBXFileReference; lastKnownFileType = sourcecode.swift; path = AppDelegate.swift; sourceTree = "<group>"; };
		CEDAF2531F5FE8E000310153 /* Base */ = {isa = PBXFileReference; lastKnownFileType = file.storyboard; name = Base; path = Base.lproj/Main.storyboard; sourceTree = "<group>"; };
		CEDAF2551F5FE8E000310153 /* Assets.xcassets */ = {isa = PBXFileReference; lastKnownFileType = folder.assetcatalog; path = Assets.xcassets; sourceTree = "<group>"; };
		CEDAF2581F5FE8E000310153 /* Base */ = {isa = PBXFileReference; lastKnownFileType = file.storyboard; name = Base; path = Base.lproj/LaunchScreen.storyboard; sourceTree = "<group>"; };
		CEDAF25A1F5FE8E000310153 /* Info.plist */ = {isa = PBXFileReference; lastKnownFileType = text.plist.xml; path = Info.plist; sourceTree = "<group>"; };
		CEDAF25F1F5FE8E100310153 /* MultipathTesterTests.xctest */ = {isa = PBXFileReference; explicitFileType = wrapper.cfbundle; includeInIndex = 0; path = MultipathTesterTests.xctest; sourceTree = BUILT_PRODUCTS_DIR; };
		CEDAF2631F5FE8E100310153 /* QUICTesterTests.swift */ = {isa = PBXFileReference; lastKnownFileType = sourcecode.swift; path = QUICTesterTests.swift; sourceTree = "<group>"; };
		CEDAF2651F5FE8E100310153 /* Info.plist */ = {isa = PBXFileReference; lastKnownFileType = text.plist.xml; path = Info.plist; sourceTree = "<group>"; };
		CEDAF26A1F5FE8E100310153 /* MultipathTesterUITests.xctest */ = {isa = PBXFileReference; explicitFileType = wrapper.cfbundle; includeInIndex = 0; path = MultipathTesterUITests.xctest; sourceTree = BUILT_PRODUCTS_DIR; };
		CEDAF26E1F5FE8E100310153 /* QUICTesterUITests.swift */ = {isa = PBXFileReference; lastKnownFileType = sourcecode.swift; path = QUICTesterUITests.swift; sourceTree = "<group>"; };
		CEDAF2701F5FE8E100310153 /* Info.plist */ = {isa = PBXFileReference; lastKnownFileType = text.plist.xml; path = Info.plist; sourceTree = "<group>"; };
/* End PBXFileReference section */

/* Begin PBXFrameworksBuildPhase section */
		CEDAF2481F5FE8E000310153 /* Frameworks */ = {
			isa = PBXFrameworksBuildPhase;
			buildActionMask = 2147483647;
			files = (
				CE58F4731FC34677009EA08F /* SystemConfiguration.framework in Frameworks */,
				CE58F4711FC3466E009EA08F /* Security.framework in Frameworks */,
				CE23A8A41FD9534F00894CA7 /* Quictraffic.framework in Frameworks */,
				CEA702E22003C6A000FDFB89 /* Charts.framework in Frameworks */,
				CE58F46F1FC34660009EA08F /* MobileCoreServices.framework in Frameworks */,
				CE26852D201239A400462C6E /* NetworkExtension.framework in Frameworks */,
				CE58F46D1FC34651009EA08F /* CFNetwork.framework in Frameworks */,
				CE58F46B1FC3463F009EA08F /* libxml2.tbd in Frameworks */,
			);
			runOnlyForDeploymentPostprocessing = 0;
		};
		CEDAF25C1F5FE8E100310153 /* Frameworks */ = {
			isa = PBXFrameworksBuildPhase;
			buildActionMask = 2147483647;
			files = (
			);
			runOnlyForDeploymentPostprocessing = 0;
		};
		CEDAF2671F5FE8E100310153 /* Frameworks */ = {
			isa = PBXFrameworksBuildPhase;
			buildActionMask = 2147483647;
			files = (
			);
			runOnlyForDeploymentPostprocessing = 0;
		};
/* End PBXFrameworksBuildPhase section */

/* Begin PBXGroup section */
		CE09053A20333E5800B1445A /* Initial */ = {
			isa = PBXGroup;
			children = (
				CE09053C20333E9400B1445A /* ConsentFormViewController.swift */,
			);
			path = Initial;
			sourceTree = "<group>";
		};
		CE2685012007B2C300462C6E /* UI */ = {
			isa = PBXGroup;
			children = (
				CE58F48B1FD163A8009EA08F /* BenchmarkTableViewController.swift */,
				CE58F4941FD188DE009EA08F /* BenchmarkTableViewCell.swift */,
				CEA7031720067A4900FDFB89 /* BenchmarkSummaryTableViewController.swift */,
				CEA70315200679C900FDFB89 /* BenchmarkSummaryTableViewCell.swift */,
				CEA7031920076D2500FDFB89 /* BenchmarkDetailTableViewController.swift */,
				CEA7031B200777C300FDFB89 /* BenchmarkDetailTableViewCell.swift */,
				CE268522200FACD200462C6E /* BenchmarkUUIDTableViewCell.swift */,
				CE58F49C1FD195ED009EA08F /* TestResultsTableViewController.swift */,
				CE58F49E1FD19A15009EA08F /* TestResultsTableViewCell.swift */,
				CE2685062008AA1400462C6E /* TestResultDetailTableViewCell.swift */,
				CE2685042008A54C00462C6E /* TestResultInstancesTableViewController.swift */,
				CE2685022008A50100462C6E /* TestResultInstancesTableViewCell.swift */,
				CE26850D2008BD6B00462C6E /* TestResultInstanceDetailTableViewController.swift */,
				CE2685082008BBB200462C6E /* TestResultInstanceDetailTextTableViewCell.swift */,
				CE26850A2008BC3300462C6E /* TestResultInstanceDetailLineChartTableViewCell.swift */,
			);
			path = UI;
			sourceTree = "<group>";
		};
		CE2685122008E75B00462C6E /* Entries */ = {
			isa = PBXGroup;
			children = (
				CE2685132008E7EC00462C6E /* ChartEntries.swift */,
				CE2685102008E75400462C6E /* LineChartEntries.swift */,
				CE2685152008E9E700462C6E /* MultiLineChartEntries.swift */,
			);
			path = Entries;
			sourceTree = "<group>";
		};
		CE268517200DED3200462C6E /* Extensions */ = {
			isa = PBXGroup;
			children = (
				CE4894F62028AF0100CBEED5 /* Array.swift */,
				CE82BD732042C8AB0067F3D8 /* MutableCollection.swift */,
				CE82BD752042C9640067F3D8 /* Sequence.swift */,
				CE268518200DED5200462C6E /* UIDevice.swift */,
			);
			path = Extensions;
			sourceTree = "<group>";
		};
		CE58F4691FC34631009EA08F /* Frameworks */ = {
			isa = PBXGroup;
			children = (
				CE26852C201239A400462C6E /* NetworkExtension.framework */,
				CE23A8A31FD9534F00894CA7 /* Quictraffic.framework */,
				CE58F4721FC34673009EA08F /* SystemConfiguration.framework */,
				CE58F4701FC34669009EA08F /* Security.framework */,
				CE58F46E1FC34659009EA08F /* MobileCoreServices.framework */,
				CE58F46C1FC3464A009EA08F /* CFNetwork.framework */,
				CE58F46A1FC34631009EA08F /* libxml2.tbd */,
			);
			name = Frameworks;
			sourceTree = "<group>";
		};
		CE58F47C1FCEA4EE009EA08F /* Tests */ = {
			isa = PBXGroup;
			children = (
				CE82BD772042CC100067F3D8 /* BaseTraffic */,
				CE82BD70204198560067F3D8 /* TCP */,
				CE82BD6E2041984C0067F3D8 /* QUIC */,
				CE58F4961FD18E63009EA08F /* BaseTest.swift */,
				CE58F4811FCEB03E009EA08F /* Test.swift */,
			);
			path = Tests;
			sourceTree = "<group>";
		};
		CE58F4831FCEBBDB009EA08F /* RunConfig */ = {
			isa = PBXGroup;
			children = (
				CE58F4861FCEBCD3009EA08F /* RunConfig.swift */,
			);
			path = RunConfig;
			sourceTree = "<group>";
		};
		CE58F4881FCF1100009EA08F /* Utils */ = {
			isa = PBXGroup;
			children = (
				CE188F09204FD615009B1E18 /* AtomicBoolean.swift */,
				CE82BD8220458EAF0067F3D8 /* Binary.swift */,
				CE58F4891FCF1114009EA08F /* Utils.swift */,
				CE26851A200F60BE00462C6E /* LocationTracker.swift */,
				CE26851C200F809A00462C6E /* Location.swift */,
				CE188F06204D5A7D009B1E18 /* TCPLogger.swift */,
			);
			path = Utils;
			sourceTree = "<group>";
		};
		CE58F48D1FD163FE009EA08F /* Results */ = {
			isa = PBXGroup;
			children = (
				CE2685012007B2C300462C6E /* UI */,
				CE2684FF2007B26E00462C6E /* BaseResult.swift */,
				CEA70310200619D800FDFB89 /* Connectivity.swift */,
				CE58F48E1FD1640F009EA08F /* Benchmark.swift */,
				CEA703122006615A00FDFB89 /* AnyTestResult.swift */,
				CE58F4901FD168D8009EA08F /* TestResult.swift */,
				CE58F4A21FD57FD7009EA08F /* BulkDownloadResult.swift */,
				CE58F4921FD16A97009EA08F /* ConnectivityResult.swift */,
				CE29B9E01FD6AE2F0049A105 /* PerfResult.swift */,
				CE29B9EA1FD838340049A105 /* ReqResResult.swift */,
				CE4B90462018711100E71C5E /* StreamResult.swift */,
			);
			path = Results;
			sourceTree = "<group>";
		};
		CE58F4A61FD68D0E009EA08F /* HelperObject */ = {
			isa = PBXGroup;
			children = (
				CE29B9E41FD802FD0049A105 /* CWinData.swift */,
				CE29B9E21FD6FD660049A105 /* IntervalData.swift */,
				CE58F4A71FD68D36009EA08F /* RcvBytesData.swift */,
				CE26853220175EFB00462C6E /* DelayData.swift */,
				CE4894F9202B2BE300CBEED5 /* InterfaceInfo.swift */,
			);
			path = HelperObject;
			sourceTree = "<group>";
		};
		CE82BD6E2041984C0067F3D8 /* QUIC */ = {
			isa = PBXGroup;
			children = (
				CE58F4A01FD57C58009EA08F /* QUICBulkDownloadTest.swift */,
				CE58F47F1FCEA594009EA08F /* QUICConnectivityTest.swift */,
				CE58F4A41FD6895D009EA08F /* QUICPerfTest.swift */,
				CE29B9E81FD833610049A105 /* QUICReqResTest.swift */,
				CE268530201646F100462C6E /* QUICStreamTest.swift */,
			);
			path = QUIC;
			sourceTree = "<group>";
		};
		CE82BD70204198560067F3D8 /* TCP */ = {
			isa = PBXGroup;
			children = (
				CE82BD7C2042E6F00067F3D8 /* TCPBulkDownloadTest.swift */,
				CE82BD71204198B70067F3D8 /* TCPConnectivityTest.swift */,
				CE82BD862046B5450067F3D8 /* TCPPerfTest.swift */,
				CE82BD8020430A070067F3D8 /* TCPStreamTest.swift */,
			);
			path = TCP;
			sourceTree = "<group>";
		};
		CE82BD772042CC100067F3D8 /* BaseTraffic */ = {
			isa = PBXGroup;
			children = (
				CE82BD7A2042E3AA0067F3D8 /* BaseBulkDownloadTest.swift */,
				CE82BD782042CC270067F3D8 /* BaseConnectivityTest.swift */,
				CE82BD842046B3110067F3D8 /* BasePerfTest.swift */,
				CE82BD7E204305780067F3D8 /* BaseStreamTest.swift */,
			);
			path = BaseTraffic;
			sourceTree = "<group>";
		};
		CE8980EB203AEC2E00E64953 /* About */ = {
			isa = PBXGroup;
			children = (
				CE8980EC203AEC4400E64953 /* AboutViewController.swift */,
			);
			path = About;
			sourceTree = "<group>";
		};
		CEA4CF36207BAC1400650DFF /* Delegate */ = {
			isa = PBXGroup;
			children = (
				CEA4CF37207BAC2C00650DFF /* DownloadSessionDelegate.swift */,
			);
			path = Delegate;
			sourceTree = "<group>";
		};
		CEA702DA2003C66800FDFB89 /* Products */ = {
			isa = PBXGroup;
			children = (
				CEA702DF2003C66900FDFB89 /* Charts.framework */,
				CEA702E12003C66900FDFB89 /* ChartsTests.xctest */,
			);
			name = Products;
			sourceTree = "<group>";
		};
		CEA702EB2003DB4100FDFB89 /* Formatters */ = {
			isa = PBXGroup;
			children = (
				CEA702EC2003DB4D00FDFB89 /* DateValueFormatter.swift */,
				CEA702EE2003DB4D00FDFB89 /* DayAxisValueFormatter.swift */,
				CEA702ED2003DB4D00FDFB89 /* IntAxisValueFormatter.swift */,
				CEA702EF2003DB4D00FDFB89 /* LargeValueFormatter.swift */,
			);
			path = Formatters;
			sourceTree = "<group>";
		};
		CEA702F42003E10500FDFB89 /* Components */ = {
			isa = PBXGroup;
			children = (
				CEA702F52003E10E00FDFB89 /* BalloonMarker.swift */,
			);
			path = Components;
			sourceTree = "<group>";
		};
		CEA702F72004B4FE00FDFB89 /* ChartsHelpers */ = {
			isa = PBXGroup;
			children = (
				CEA702F82004C38A00FDFB89 /* Charts */,
				CEA702F42003E10500FDFB89 /* Components */,
				CE2685122008E75B00462C6E /* Entries */,
				CEA702EB2003DB4100FDFB89 /* Formatters */,
			);
			path = ChartsHelpers;
			sourceTree = "<group>";
		};
		CEA702F82004C38A00FDFB89 /* Charts */ = {
			isa = PBXGroup;
			children = (
				CEA702F92004C64400FDFB89 /* LineChartHelper.swift */,
				CEA702FB2004CD4200FDFB89 /* MultiLineChartHelper.swift */,
			);
			path = Charts;
			sourceTree = "<group>";
		};
		CEA702FD200506E900FDFB89 /* Static */ = {
			isa = PBXGroup;
			children = (
				CEA702FE2005072000FDFB89 /* StaticMainViewController.swift */,
				CEA7030C20050C3800FDFB89 /* StaticTestTableViewCell.swift */,
				CEA7030E2005116900FDFB89 /* StaticRunnerViewController.swift */,
				CE1362AC20765FDE001E58B2 /* ResultLabelViewController.swift */,
				CE1362AE20766705001E58B2 /* ResultLineChartViewController.swift */,
			);
			path = Static;
			sourceTree = "<group>";
		};
		CEA70300200507D900FDFB89 /* UICircularProgressRing */ = {
			isa = PBXGroup;
			children = (
				CEA703042005084C00FDFB89 /* UICircularProgressRing.h */,
				CEA703022005084C00FDFB89 /* UICircularProgressRingDelegate.swift */,
				CEA703052005084C00FDFB89 /* UICircularProgressRingGradientPosition.swift */,
				CEA703062005084C00FDFB89 /* UICircularProgressRingLayer.swift */,
				CEA703012005084C00FDFB89 /* UICircularProgressRingStyle.swift */,
				CEA703032005084C00FDFB89 /* UICircularProgressRingView.swift */,
			);
			path = UICircularProgressRing;
			sourceTree = "<group>";
		};
		CEA70314200673E800FDFB89 /* Mobile */ = {
			isa = PBXGroup;
			children = (
				CEA702E72003D67100FDFB89 /* MobileRunnerViewController.swift */,
				CE26852E20163FFD00462C6E /* MobileMainViewController.swift */,
			);
			path = Mobile;
			sourceTree = "<group>";
		};
		CEDAF2421F5FE8E000310153 = {
			isa = PBXGroup;
			children = (
				CEA702D92003C66800FDFB89 /* Charts.xcodeproj */,
				CEDAF24D1F5FE8E000310153 /* MultipathTester */,
				CEDAF2621F5FE8E100310153 /* MultipathTesterTests */,
				CEDAF26D1F5FE8E100310153 /* MultipathTesterUITests */,
				CEDAF24C1F5FE8E000310153 /* Products */,
				CE58F4691FC34631009EA08F /* Frameworks */,
			);
			sourceTree = "<group>";
		};
		CEDAF24C1F5FE8E000310153 /* Products */ = {
			isa = PBXGroup;
			children = (
				CEDAF24B1F5FE8E000310153 /* MultipathTester.app */,
				CEDAF25F1F5FE8E100310153 /* MultipathTesterTests.xctest */,
				CEDAF26A1F5FE8E100310153 /* MultipathTesterUITests.xctest */,
			);
			name = Products;
			sourceTree = "<group>";
		};
		CEDAF24D1F5FE8E000310153 /* MultipathTester */ = {
			isa = PBXGroup;
			children = (
				CE2685282012205800462C6E /* IOCTL.h */,
				CE2685262012201000462C6E /* IOCTL.m */,
				CE58F4991FD19351009EA08F /* Reachability.m */,
				CE58F49A1FD19351009EA08F /* Reachability.h */,
				CEA702F72004B4FE00FDFB89 /* ChartsHelpers */,
				CEA70300200507D900FDFB89 /* UICircularProgressRing */,
				CE268517200DED3200462C6E /* Extensions */,
				CEA4CF36207BAC1400650DFF /* Delegate */,
				CE58F4A61FD68D0E009EA08F /* HelperObject */,
				CE58F48D1FD163FE009EA08F /* Results */,
				CE58F4881FCF1100009EA08F /* Utils */,
				CE58F4831FCEBBDB009EA08F /* RunConfig */,
				CE58F47C1FCEA4EE009EA08F /* Tests */,
				CEA702FD200506E900FDFB89 /* Static */,
				CEA70314200673E800FDFB89 /* Mobile */,
				CE09053A20333E5800B1445A /* Initial */,
				CE8980EB203AEC2E00E64953 /* About */,
				CE21D42B1F67ECF300056940 /* MultipathTester.entitlements */,
				CEDAF24E1F5FE8E000310153 /* AppDelegate.swift */,
				CEDAF2521F5FE8E000310153 /* Main.storyboard */,
				CEDAF2551F5FE8E000310153 /* Assets.xcassets */,
				CEDAF2571F5FE8E000310153 /* LaunchScreen.storyboard */,
				CEDAF25A1F5FE8E000310153 /* Info.plist */,
				CE8E284C1F696334004F1558 /* TCPClientBulk.swift */,
				CE8E284A1F695450004F1558 /* TCPClientReqRes.swift */,
				CE8E284E1F6966FC004F1558 /* TCPClientSiri.swift */,
				CED4B51F1F97972500E6F86E /* TCPFileDescriptorFinder.swift */,
				CED4B5211F9F7FE300E6F86E /* TCPInfoConverter.swift */,
				CE58F4751FC41BAE009EA08F /* MultipathTester-Bridging-Header.h */,
			);
			path = MultipathTester;
			sourceTree = "<group>";
		};
		CEDAF2621F5FE8E100310153 /* MultipathTesterTests */ = {
			isa = PBXGroup;
			children = (
				CEDAF2631F5FE8E100310153 /* QUICTesterTests.swift */,
				CEDAF2651F5FE8E100310153 /* Info.plist */,
			);
			path = MultipathTesterTests;
			sourceTree = "<group>";
		};
		CEDAF26D1F5FE8E100310153 /* MultipathTesterUITests */ = {
			isa = PBXGroup;
			children = (
				CEDAF26E1F5FE8E100310153 /* QUICTesterUITests.swift */,
				CEDAF2701F5FE8E100310153 /* Info.plist */,
			);
			path = MultipathTesterUITests;
			sourceTree = "<group>";
		};
/* End PBXGroup section */

/* Begin PBXNativeTarget section */
		CEDAF24A1F5FE8E000310153 /* MultipathTester */ = {
			isa = PBXNativeTarget;
			buildConfigurationList = CEDAF2731F5FE8E100310153 /* Build configuration list for PBXNativeTarget "MultipathTester" */;
			buildPhases = (
				CEDAF2471F5FE8E000310153 /* Sources */,
				CEDAF2481F5FE8E000310153 /* Frameworks */,
				CEDAF2491F5FE8E000310153 /* Resources */,
				CEA702E62003C6A000FDFB89 /* Embed Frameworks */,
			);
			buildRules = (
			);
			dependencies = (
				CEA702E52003C6A000FDFB89 /* PBXTargetDependency */,
			);
			name = MultipathTester;
			productName = QUICTester;
			productReference = CEDAF24B1F5FE8E000310153 /* MultipathTester.app */;
			productType = "com.apple.product-type.application";
		};
		CEDAF25E1F5FE8E100310153 /* MultipathTesterTests */ = {
			isa = PBXNativeTarget;
			buildConfigurationList = CEDAF2761F5FE8E100310153 /* Build configuration list for PBXNativeTarget "MultipathTesterTests" */;
			buildPhases = (
				CEDAF25B1F5FE8E100310153 /* Sources */,
				CEDAF25C1F5FE8E100310153 /* Frameworks */,
				CEDAF25D1F5FE8E100310153 /* Resources */,
			);
			buildRules = (
			);
			dependencies = (
				CEDAF2611F5FE8E100310153 /* PBXTargetDependency */,
			);
			name = MultipathTesterTests;
			productName = QUICTesterTests;
			productReference = CEDAF25F1F5FE8E100310153 /* MultipathTesterTests.xctest */;
			productType = "com.apple.product-type.bundle.unit-test";
		};
		CEDAF2691F5FE8E100310153 /* MultipathTesterUITests */ = {
			isa = PBXNativeTarget;
			buildConfigurationList = CEDAF2791F5FE8E100310153 /* Build configuration list for PBXNativeTarget "MultipathTesterUITests" */;
			buildPhases = (
				CEDAF2661F5FE8E100310153 /* Sources */,
				CEDAF2671F5FE8E100310153 /* Frameworks */,
				CEDAF2681F5FE8E100310153 /* Resources */,
			);
			buildRules = (
			);
			dependencies = (
				CEDAF26C1F5FE8E100310153 /* PBXTargetDependency */,
			);
			name = MultipathTesterUITests;
			productName = QUICTesterUITests;
			productReference = CEDAF26A1F5FE8E100310153 /* MultipathTesterUITests.xctest */;
			productType = "com.apple.product-type.bundle.ui-testing";
		};
/* End PBXNativeTarget section */

/* Begin PBXProject section */
		CEDAF2431F5FE8E000310153 /* Project object */ = {
			isa = PBXProject;
			attributes = {
				LastSwiftUpdateCheck = 0900;
				LastUpgradeCheck = 0930;
				ORGANIZATIONNAME = "Universite Catholique de Louvain";
				TargetAttributes = {
					CEDAF24A1F5FE8E000310153 = {
						CreatedOnToolsVersion = 9.0;
						LastSwiftMigration = 0910;
						ProvisioningStyle = Automatic;
						SystemCapabilities = {
							com.apple.BackgroundModes = {
								enabled = 1;
							};
							com.apple.HotspotConfiguration = {
								enabled = 1;
							};
							com.apple.Multipath = {
								enabled = 1;
							};
							com.apple.NetworkExtensions.iOS = {
								enabled = 1;
							};
						};
					};
					CEDAF25E1F5FE8E100310153 = {
						CreatedOnToolsVersion = 9.0;
						ProvisioningStyle = Automatic;
						TestTargetID = CEDAF24A1F5FE8E000310153;
					};
					CEDAF2691F5FE8E100310153 = {
						CreatedOnToolsVersion = 9.0;
						ProvisioningStyle = Automatic;
						TestTargetID = CEDAF24A1F5FE8E000310153;
					};
				};
			};
			buildConfigurationList = CEDAF2461F5FE8E000310153 /* Build configuration list for PBXProject "MultipathTester" */;
			compatibilityVersion = "Xcode 8.0";
			developmentRegion = en;
			hasScannedForEncodings = 0;
			knownRegions = (
				en,
				Base,
			);
			mainGroup = CEDAF2421F5FE8E000310153;
			productRefGroup = CEDAF24C1F5FE8E000310153 /* Products */;
			projectDirPath = "";
			projectReferences = (
				{
					ProductGroup = CEA702DA2003C66800FDFB89 /* Products */;
					ProjectRef = CEA702D92003C66800FDFB89 /* Charts.xcodeproj */;
				},
			);
			projectRoot = "";
			targets = (
				CEDAF24A1F5FE8E000310153 /* MultipathTester */,
				CEDAF25E1F5FE8E100310153 /* MultipathTesterTests */,
				CEDAF2691F5FE8E100310153 /* MultipathTesterUITests */,
			);
		};
/* End PBXProject section */

/* Begin PBXReferenceProxy section */
		CEA702DF2003C66900FDFB89 /* Charts.framework */ = {
			isa = PBXReferenceProxy;
			fileType = wrapper.framework;
			path = Charts.framework;
			remoteRef = CEA702DE2003C66900FDFB89 /* PBXContainerItemProxy */;
			sourceTree = BUILT_PRODUCTS_DIR;
		};
		CEA702E12003C66900FDFB89 /* ChartsTests.xctest */ = {
			isa = PBXReferenceProxy;
			fileType = wrapper.cfbundle;
			path = ChartsTests.xctest;
			remoteRef = CEA702E02003C66900FDFB89 /* PBXContainerItemProxy */;
			sourceTree = BUILT_PRODUCTS_DIR;
		};
/* End PBXReferenceProxy section */

/* Begin PBXResourcesBuildPhase section */
		CEDAF2491F5FE8E000310153 /* Resources */ = {
			isa = PBXResourcesBuildPhase;
			buildActionMask = 2147483647;
			files = (
				CEDAF2591F5FE8E000310153 /* LaunchScreen.storyboard in Resources */,
				CEDAF2561F5FE8E000310153 /* Assets.xcassets in Resources */,
				CEDAF2541F5FE8E000310153 /* Main.storyboard in Resources */,
			);
			runOnlyForDeploymentPostprocessing = 0;
		};
		CEDAF25D1F5FE8E100310153 /* Resources */ = {
			isa = PBXResourcesBuildPhase;
			buildActionMask = 2147483647;
			files = (
			);
			runOnlyForDeploymentPostprocessing = 0;
		};
		CEDAF2681F5FE8E100310153 /* Resources */ = {
			isa = PBXResourcesBuildPhase;
			buildActionMask = 2147483647;
			files = (
			);
			runOnlyForDeploymentPostprocessing = 0;
		};
/* End PBXResourcesBuildPhase section */

/* Begin PBXSourcesBuildPhase section */
		CEDAF2471F5FE8E000310153 /* Sources */ = {
			isa = PBXSourcesBuildPhase;
			buildActionMask = 2147483647;
			files = (
				CE268523200FACD200462C6E /* BenchmarkUUIDTableViewCell.swift in Sources */,
				CE82BD852046B3110067F3D8 /* BasePerfTest.swift in Sources */,
				CE58F49D1FD195ED009EA08F /* TestResultsTableViewController.swift in Sources */,
				CEA70311200619D800FDFB89 /* Connectivity.swift in Sources */,
				CE29B9E31FD6FD660049A105 /* IntervalData.swift in Sources */,
				CEA7031A20076D2500FDFB89 /* BenchmarkDetailTableViewController.swift in Sources */,
				CE26850E2008BD6B00462C6E /* TestResultInstanceDetailTableViewController.swift in Sources */,
				CE2685112008E75400462C6E /* LineChartEntries.swift in Sources */,
				CEA7030D20050C3800FDFB89 /* StaticTestTableViewCell.swift in Sources */,
				CEA702F12003DB4D00FDFB89 /* IntAxisValueFormatter.swift in Sources */,
				CE58F48F1FD1640F009EA08F /* Benchmark.swift in Sources */,
				CE26851B200F60BE00462C6E /* LocationTracker.swift in Sources */,
				CE2685142008E7EC00462C6E /* ChartEntries.swift in Sources */,
				CEA7030F2005116900FDFB89 /* StaticRunnerViewController.swift in Sources */,
				CEA7030B2005084C00FDFB89 /* UICircularProgressRingLayer.swift in Sources */,
				CE26851D200F809A00462C6E /* Location.swift in Sources */,
				CE26853320175EFB00462C6E /* DelayData.swift in Sources */,
				CE29B9E51FD802FD0049A105 /* CWinData.swift in Sources */,
				CEA703082005084C00FDFB89 /* UICircularProgressRingDelegate.swift in Sources */,
				CEA702FF2005072000FDFB89 /* StaticMainViewController.swift in Sources */,
				CEA7030A2005084C00FDFB89 /* UICircularProgressRingGradientPosition.swift in Sources */,
				CE82BD742042C8AB0067F3D8 /* MutableCollection.swift in Sources */,
				CEA7031820067A4900FDFB89 /* BenchmarkSummaryTableViewController.swift in Sources */,
				CE29B9EB1FD838340049A105 /* ReqResResult.swift in Sources */,
				CE268531201646F100462C6E /* QUICStreamTest.swift in Sources */,
				CE58F4931FD16A97009EA08F /* ConnectivityResult.swift in Sources */,
				CE2685092008BBB200462C6E /* TestResultInstanceDetailTextTableViewCell.swift in Sources */,
				CE2685002007B26E00462C6E /* BaseResult.swift in Sources */,
				CE8E284B1F695450004F1558 /* TCPClientReqRes.swift in Sources */,
				CEA702F32003DB4D00FDFB89 /* LargeValueFormatter.swift in Sources */,
				CE58F48C1FD163A8009EA08F /* BenchmarkTableViewController.swift in Sources */,
				CE2685272012201000462C6E /* IOCTL.m in Sources */,
				CE58F49F1FD19A15009EA08F /* TestResultsTableViewCell.swift in Sources */,
				CE82BD72204198B70067F3D8 /* TCPConnectivityTest.swift in Sources */,
				CE2685032008A50100462C6E /* TestResultInstancesTableViewCell.swift in Sources */,
				CEA7031C200777C300FDFB89 /* BenchmarkDetailTableViewCell.swift in Sources */,
				CE58F4911FD168D8009EA08F /* TestResult.swift in Sources */,
				CE58F4871FCEBCD3009EA08F /* RunConfig.swift in Sources */,
				CE58F4A31FD57FD7009EA08F /* BulkDownloadResult.swift in Sources */,
				CE188F0A204FD615009B1E18 /* AtomicBoolean.swift in Sources */,
				CE58F4A51FD6895D009EA08F /* QUICPerfTest.swift in Sources */,
				CEA70316200679C900FDFB89 /* BenchmarkSummaryTableViewCell.swift in Sources */,
				CE58F48A1FCF1114009EA08F /* Utils.swift in Sources */,
				CE58F49B1FD193AD009EA08F /* Reachability.m in Sources */,
				CE29B9E11FD6AE2F0049A105 /* PerfResult.swift in Sources */,
				CE29B9E91FD833610049A105 /* QUICReqResTest.swift in Sources */,
				CEA702F02003DB4D00FDFB89 /* DateValueFormatter.swift in Sources */,
				CE58F4A81FD68D36009EA08F /* RcvBytesData.swift in Sources */,
				CE2685072008AA1400462C6E /* TestResultDetailTableViewCell.swift in Sources */,
				CE82BD792042CC270067F3D8 /* BaseConnectivityTest.swift in Sources */,
				CE58F4821FCEB03E009EA08F /* Test.swift in Sources */,
				CEA702FA2004C64400FDFB89 /* LineChartHelper.swift in Sources */,
				CE8E284F1F6966FC004F1558 /* TCPClientSiri.swift in Sources */,
				CE8E284D1F696334004F1558 /* TCPClientBulk.swift in Sources */,
				CE82BD7D2042E6F00067F3D8 /* TCPBulkDownloadTest.swift in Sources */,
				CE26850B2008BC3300462C6E /* TestResultInstanceDetailLineChartTableViewCell.swift in Sources */,
				CE2685052008A54C00462C6E /* TestResultInstancesTableViewController.swift in Sources */,
				CE4894F72028AF0100CBEED5 /* Array.swift in Sources */,
				CE82BD762042C9640067F3D8 /* Sequence.swift in Sources */,
				CEA702F22003DB4D00FDFB89 /* DayAxisValueFormatter.swift in Sources */,
				CE268519200DED5200462C6E /* UIDevice.swift in Sources */,
				CEA702F62003E10E00FDFB89 /* BalloonMarker.swift in Sources */,
				CEA703132006615A00FDFB89 /* AnyTestResult.swift in Sources */,
				CE82BD7B2042E3AA0067F3D8 /* BaseBulkDownloadTest.swift in Sources */,
				CE26852F20163FFD00462C6E /* MobileMainViewController.swift in Sources */,
				CEA703092005084C00FDFB89 /* UICircularProgressRingView.swift in Sources */,
				CEA702E82003D67100FDFB89 /* MobileRunnerViewController.swift in Sources */,
				CEA703072005084C00FDFB89 /* UICircularProgressRingStyle.swift in Sources */,
				CE8980ED203AEC4400E64953 /* AboutViewController.swift in Sources */,
				CE58F4A11FD57C58009EA08F /* QUICBulkDownloadTest.swift in Sources */,
				CEA4CF38207BAC2C00650DFF /* DownloadSessionDelegate.swift in Sources */,
				CE1362AF20766705001E58B2 /* ResultLineChartViewController.swift in Sources */,
				CED4B5201F97972500E6F86E /* TCPFileDescriptorFinder.swift in Sources */,
				CED4B5221F9F7FE300E6F86E /* TCPInfoConverter.swift in Sources */,
				CE82BD8320458EAF0067F3D8 /* Binary.swift in Sources */,
				CE82BD872046B5450067F3D8 /* TCPPerfTest.swift in Sources */,
				CE82BD7F204305780067F3D8 /* BaseStreamTest.swift in Sources */,
				CE09053D20333E9400B1445A /* ConsentFormViewController.swift in Sources */,
				CE4894FA202B2BE300CBEED5 /* InterfaceInfo.swift in Sources */,
				CE58F4801FCEA594009EA08F /* QUICConnectivityTest.swift in Sources */,
				CE58F4951FD188DE009EA08F /* BenchmarkTableViewCell.swift in Sources */,
				CE1362AD20765FDE001E58B2 /* ResultLabelViewController.swift in Sources */,
				CEA702FC2004CD4200FDFB89 /* MultiLineChartHelper.swift in Sources */,
				CE4B90472018711100E71C5E /* StreamResult.swift in Sources */,
				CE2685162008E9E700462C6E /* MultiLineChartEntries.swift in Sources */,
				CE58F4971FD18E64009EA08F /* BaseTest.swift in Sources */,
				CE82BD8120430A070067F3D8 /* TCPStreamTest.swift in Sources */,
				CE188F07204D5A7D009B1E18 /* TCPLogger.swift in Sources */,
				CEDAF24F1F5FE8E000310153 /* AppDelegate.swift in Sources */,
			);
			runOnlyForDeploymentPostprocessing = 0;
		};
		CEDAF25B1F5FE8E100310153 /* Sources */ = {
			isa = PBXSourcesBuildPhase;
			buildActionMask = 2147483647;
			files = (
				CEDAF2641F5FE8E100310153 /* QUICTesterTests.swift in Sources */,
			);
			runOnlyForDeploymentPostprocessing = 0;
		};
		CEDAF2661F5FE8E100310153 /* Sources */ = {
			isa = PBXSourcesBuildPhase;
			buildActionMask = 2147483647;
			files = (
				CEDAF26F1F5FE8E100310153 /* QUICTesterUITests.swift in Sources */,
			);
			runOnlyForDeploymentPostprocessing = 0;
		};
/* End PBXSourcesBuildPhase section */

/* Begin PBXTargetDependency section */
		CEA702E52003C6A000FDFB89 /* PBXTargetDependency */ = {
			isa = PBXTargetDependency;
			name = Charts;
			targetProxy = CEA702E42003C6A000FDFB89 /* PBXContainerItemProxy */;
		};
		CEDAF2611F5FE8E100310153 /* PBXTargetDependency */ = {
			isa = PBXTargetDependency;
			target = CEDAF24A1F5FE8E000310153 /* MultipathTester */;
			targetProxy = CEDAF2601F5FE8E100310153 /* PBXContainerItemProxy */;
		};
		CEDAF26C1F5FE8E100310153 /* PBXTargetDependency */ = {
			isa = PBXTargetDependency;
			target = CEDAF24A1F5FE8E000310153 /* MultipathTester */;
			targetProxy = CEDAF26B1F5FE8E100310153 /* PBXContainerItemProxy */;
		};
/* End PBXTargetDependency section */

/* Begin PBXVariantGroup section */
		CEDAF2521F5FE8E000310153 /* Main.storyboard */ = {
			isa = PBXVariantGroup;
			children = (
				CEDAF2531F5FE8E000310153 /* Base */,
			);
			name = Main.storyboard;
			sourceTree = "<group>";
		};
		CEDAF2571F5FE8E000310153 /* LaunchScreen.storyboard */ = {
			isa = PBXVariantGroup;
			children = (
				CEDAF2581F5FE8E000310153 /* Base */,
			);
			name = LaunchScreen.storyboard;
			sourceTree = "<group>";
		};
/* End PBXVariantGroup section */

/* Begin XCBuildConfiguration section */
		CEDAF2711F5FE8E100310153 /* Debug */ = {
			isa = XCBuildConfiguration;
			buildSettings = {
				ALWAYS_SEARCH_USER_PATHS = NO;
				CLANG_ANALYZER_NONNULL = YES;
				CLANG_ANALYZER_NUMBER_OBJECT_CONVERSION = YES_AGGRESSIVE;
				CLANG_CXX_LANGUAGE_STANDARD = "gnu++14";
				CLANG_CXX_LIBRARY = "libc++";
				CLANG_ENABLE_MODULES = YES;
				CLANG_ENABLE_OBJC_ARC = YES;
				CLANG_WARN_BLOCK_CAPTURE_AUTORELEASING = YES;
				CLANG_WARN_BOOL_CONVERSION = YES;
				CLANG_WARN_COMMA = YES;
				CLANG_WARN_CONSTANT_CONVERSION = YES;
				CLANG_WARN_DEPRECATED_OBJC_IMPLEMENTATIONS = YES;
				CLANG_WARN_DIRECT_OBJC_ISA_USAGE = YES_ERROR;
				CLANG_WARN_DOCUMENTATION_COMMENTS = YES;
				CLANG_WARN_EMPTY_BODY = YES;
				CLANG_WARN_ENUM_CONVERSION = YES;
				CLANG_WARN_INFINITE_RECURSION = YES;
				CLANG_WARN_INT_CONVERSION = YES;
				CLANG_WARN_NON_LITERAL_NULL_CONVERSION = YES;
				CLANG_WARN_OBJC_IMPLICIT_RETAIN_SELF = YES;
				CLANG_WARN_OBJC_LITERAL_CONVERSION = YES;
				CLANG_WARN_OBJC_ROOT_CLASS = YES_ERROR;
				CLANG_WARN_RANGE_LOOP_ANALYSIS = YES;
				CLANG_WARN_STRICT_PROTOTYPES = YES;
				CLANG_WARN_SUSPICIOUS_MOVE = YES;
				CLANG_WARN_UNGUARDED_AVAILABILITY = YES_AGGRESSIVE;
				CLANG_WARN_UNREACHABLE_CODE = YES;
				CLANG_WARN__DUPLICATE_METHOD_MATCH = YES;
				CODE_SIGN_IDENTITY = "iPhone Developer";
				COPY_PHASE_STRIP = NO;
				DEBUG_INFORMATION_FORMAT = dwarf;
				ENABLE_BITCODE = NO;
				ENABLE_STRICT_OBJC_MSGSEND = YES;
				ENABLE_TESTABILITY = YES;
				FRAMEWORK_SEARCH_PATHS = "~/git/QUICTester";
				GCC_C_LANGUAGE_STANDARD = gnu11;
				GCC_DYNAMIC_NO_PIC = NO;
				GCC_NO_COMMON_BLOCKS = YES;
				GCC_OPTIMIZATION_LEVEL = 0;
				GCC_PREPROCESSOR_DEFINITIONS = (
					"DEBUG=1",
					"$(inherited)",
				);
				GCC_WARN_64_TO_32_BIT_CONVERSION = YES;
				GCC_WARN_ABOUT_RETURN_TYPE = YES_ERROR;
				GCC_WARN_UNDECLARED_SELECTOR = YES;
				GCC_WARN_UNINITIALIZED_AUTOS = YES_AGGRESSIVE;
				GCC_WARN_UNUSED_FUNCTION = YES;
				GCC_WARN_UNUSED_VARIABLE = YES;
				IPHONEOS_DEPLOYMENT_TARGET = 11.0;
				MTL_ENABLE_DEBUG_INFO = YES;
				ONLY_ACTIVE_ARCH = YES;
				SDKROOT = iphoneos;
				SWIFT_ACTIVE_COMPILATION_CONDITIONS = DEBUG;
				SWIFT_OPTIMIZATION_LEVEL = "-Onone";
			};
			name = Debug;
		};
		CEDAF2721F5FE8E100310153 /* Release */ = {
			isa = XCBuildConfiguration;
			buildSettings = {
				ALWAYS_SEARCH_USER_PATHS = NO;
				CLANG_ANALYZER_NONNULL = YES;
				CLANG_ANALYZER_NUMBER_OBJECT_CONVERSION = YES_AGGRESSIVE;
				CLANG_CXX_LANGUAGE_STANDARD = "gnu++14";
				CLANG_CXX_LIBRARY = "libc++";
				CLANG_ENABLE_MODULES = YES;
				CLANG_ENABLE_OBJC_ARC = YES;
				CLANG_WARN_BLOCK_CAPTURE_AUTORELEASING = YES;
				CLANG_WARN_BOOL_CONVERSION = YES;
				CLANG_WARN_COMMA = YES;
				CLANG_WARN_CONSTANT_CONVERSION = YES;
				CLANG_WARN_DEPRECATED_OBJC_IMPLEMENTATIONS = YES;
				CLANG_WARN_DIRECT_OBJC_ISA_USAGE = YES_ERROR;
				CLANG_WARN_DOCUMENTATION_COMMENTS = YES;
				CLANG_WARN_EMPTY_BODY = YES;
				CLANG_WARN_ENUM_CONVERSION = YES;
				CLANG_WARN_INFINITE_RECURSION = YES;
				CLANG_WARN_INT_CONVERSION = YES;
				CLANG_WARN_NON_LITERAL_NULL_CONVERSION = YES;
				CLANG_WARN_OBJC_IMPLICIT_RETAIN_SELF = YES;
				CLANG_WARN_OBJC_LITERAL_CONVERSION = YES;
				CLANG_WARN_OBJC_ROOT_CLASS = YES_ERROR;
				CLANG_WARN_RANGE_LOOP_ANALYSIS = YES;
				CLANG_WARN_STRICT_PROTOTYPES = YES;
				CLANG_WARN_SUSPICIOUS_MOVE = YES;
				CLANG_WARN_UNGUARDED_AVAILABILITY = YES_AGGRESSIVE;
				CLANG_WARN_UNREACHABLE_CODE = YES;
				CLANG_WARN__DUPLICATE_METHOD_MATCH = YES;
				CODE_SIGN_IDENTITY = "iPhone Developer";
				COPY_PHASE_STRIP = NO;
				DEBUG_INFORMATION_FORMAT = "dwarf-with-dsym";
				ENABLE_BITCODE = NO;
				ENABLE_NS_ASSERTIONS = NO;
				ENABLE_STRICT_OBJC_MSGSEND = YES;
				FRAMEWORK_SEARCH_PATHS = "~/git/QUICTester";
				GCC_C_LANGUAGE_STANDARD = gnu11;
				GCC_NO_COMMON_BLOCKS = YES;
				GCC_WARN_64_TO_32_BIT_CONVERSION = YES;
				GCC_WARN_ABOUT_RETURN_TYPE = YES_ERROR;
				GCC_WARN_UNDECLARED_SELECTOR = YES;
				GCC_WARN_UNINITIALIZED_AUTOS = YES_AGGRESSIVE;
				GCC_WARN_UNUSED_FUNCTION = YES;
				GCC_WARN_UNUSED_VARIABLE = YES;
				IPHONEOS_DEPLOYMENT_TARGET = 11.0;
				MTL_ENABLE_DEBUG_INFO = NO;
				SDKROOT = iphoneos;
				SWIFT_OPTIMIZATION_LEVEL = "-Owholemodule";
				VALIDATE_PRODUCT = YES;
			};
			name = Release;
		};
		CEDAF2741F5FE8E100310153 /* Debug */ = {
			isa = XCBuildConfiguration;
			buildSettings = {
				ALWAYS_EMBED_SWIFT_STANDARD_LIBRARIES = YES;
				ASSETCATALOG_COMPILER_APPICON_NAME = "AppIcon-1";
				CLANG_ENABLE_MODULES = YES;
				CODE_SIGN_ENTITLEMENTS = MultipathTester/MultipathTester.entitlements;
				CODE_SIGN_STYLE = Automatic;
				DEVELOPMENT_TEAM = Y5FQS7HL65;
				ENABLE_BITCODE = NO;
				FRAMEWORK_SEARCH_PATHS = (
					"$(inherited)",
					"$(PROJECT_DIR)",
				);
				INFOPLIST_FILE = "$(SRCROOT)/MultipathTester/Info.plist";
				IPHONEOS_DEPLOYMENT_TARGET = 11.0;
				LD_RUNPATH_SEARCH_PATHS = "$(inherited) @executable_path/Frameworks";
				OTHER_LDFLAGS = "-ObjC";
				PRODUCT_BUNDLE_IDENTIFIER = be.uclouvain.MultipathTester;
				PRODUCT_NAME = "$(TARGET_NAME)";
				STRIP_BITCODE_FROM_COPIED_FILES = No;
				SWIFT_OBJC_BRIDGING_HEADER = "MultipathTester/MultipathTester-Bridging-Header.h";
				SWIFT_OPTIMIZATION_LEVEL = "-Onone";
				SWIFT_VERSION = 4.0;
				TARGETED_DEVICE_FAMILY = "1,2";
				VALID_ARCHS = "arm64 armv7";
			};
			name = Debug;
		};
		CEDAF2751F5FE8E100310153 /* Release */ = {
			isa = XCBuildConfiguration;
			buildSettings = {
				ALWAYS_EMBED_SWIFT_STANDARD_LIBRARIES = YES;
				ASSETCATALOG_COMPILER_APPICON_NAME = "AppIcon-1";
				CLANG_ENABLE_MODULES = YES;
				CODE_SIGN_ENTITLEMENTS = MultipathTester/MultipathTester.entitlements;
				CODE_SIGN_STYLE = Automatic;
				DEVELOPMENT_TEAM = Y5FQS7HL65;
				ENABLE_BITCODE = NO;
				FRAMEWORK_SEARCH_PATHS = (
					"$(inherited)",
					"$(PROJECT_DIR)",
				);
				INFOPLIST_FILE = "$(SRCROOT)/MultipathTester/Info.plist";
				IPHONEOS_DEPLOYMENT_TARGET = 11.0;
				LD_RUNPATH_SEARCH_PATHS = "$(inherited) @executable_path/Frameworks";
				OTHER_LDFLAGS = "-ObjC";
				PRODUCT_BUNDLE_IDENTIFIER = be.uclouvain.MultipathTester;
				PRODUCT_NAME = "$(TARGET_NAME)";
				STRIP_BITCODE_FROM_COPIED_FILES = No;
				SWIFT_OBJC_BRIDGING_HEADER = "MultipathTester/MultipathTester-Bridging-Header.h";
				SWIFT_VERSION = 4.0;
				TARGETED_DEVICE_FAMILY = "1,2";
				VALID_ARCHS = "arm64 armv7";
			};
			name = Release;
		};
		CEDAF2771F5FE8E100310153 /* Debug */ = {
			isa = XCBuildConfiguration;
			buildSettings = {
				ALWAYS_EMBED_SWIFT_STANDARD_LIBRARIES = YES;
				BUNDLE_LOADER = "$(TEST_HOST)";
				CODE_SIGN_STYLE = Automatic;
				DEVELOPMENT_TEAM = VJZ2VP5AH7;
				INFOPLIST_FILE = QUICTesterTests/Info.plist;
				LD_RUNPATH_SEARCH_PATHS = "$(inherited) @executable_path/Frameworks @loader_path/Frameworks";
				PRODUCT_BUNDLE_IDENTIFIER = be.uclouvain.QUICTesterTests;
				PRODUCT_NAME = "$(TARGET_NAME)";
				SWIFT_VERSION = 4.0;
				TARGETED_DEVICE_FAMILY = "1,2";
				TEST_HOST = "$(BUILT_PRODUCTS_DIR)/MultipathTester.app/MultipathTester";
			};
			name = Debug;
		};
		CEDAF2781F5FE8E100310153 /* Release */ = {
			isa = XCBuildConfiguration;
			buildSettings = {
				ALWAYS_EMBED_SWIFT_STANDARD_LIBRARIES = YES;
				BUNDLE_LOADER = "$(TEST_HOST)";
				CODE_SIGN_STYLE = Automatic;
				DEVELOPMENT_TEAM = VJZ2VP5AH7;
				INFOPLIST_FILE = QUICTesterTests/Info.plist;
				LD_RUNPATH_SEARCH_PATHS = "$(inherited) @executable_path/Frameworks @loader_path/Frameworks";
				PRODUCT_BUNDLE_IDENTIFIER = be.uclouvain.QUICTesterTests;
				PRODUCT_NAME = "$(TARGET_NAME)";
				SWIFT_VERSION = 4.0;
				TARGETED_DEVICE_FAMILY = "1,2";
				TEST_HOST = "$(BUILT_PRODUCTS_DIR)/MultipathTester.app/MultipathTester";
			};
			name = Release;
		};
		CEDAF27A1F5FE8E100310153 /* Debug */ = {
			isa = XCBuildConfiguration;
			buildSettings = {
				ALWAYS_EMBED_SWIFT_STANDARD_LIBRARIES = YES;
				CODE_SIGN_STYLE = Automatic;
				DEVELOPMENT_TEAM = VJZ2VP5AH7;
				INFOPLIST_FILE = QUICTesterUITests/Info.plist;
				LD_RUNPATH_SEARCH_PATHS = "$(inherited) @executable_path/Frameworks @loader_path/Frameworks";
				PRODUCT_BUNDLE_IDENTIFIER = be.uclouvain.QUICTesterUITests;
				PRODUCT_NAME = "$(TARGET_NAME)";
				SWIFT_VERSION = 4.0;
				TARGETED_DEVICE_FAMILY = "1,2";
				TEST_TARGET_NAME = QUICTester;
			};
			name = Debug;
		};
		CEDAF27B1F5FE8E100310153 /* Release */ = {
			isa = XCBuildConfiguration;
			buildSettings = {
				ALWAYS_EMBED_SWIFT_STANDARD_LIBRARIES = YES;
				CODE_SIGN_STYLE = Automatic;
				DEVELOPMENT_TEAM = VJZ2VP5AH7;
				INFOPLIST_FILE = QUICTesterUITests/Info.plist;
				LD_RUNPATH_SEARCH_PATHS = "$(inherited) @executable_path/Frameworks @loader_path/Frameworks";
				PRODUCT_BUNDLE_IDENTIFIER = be.uclouvain.QUICTesterUITests;
				PRODUCT_NAME = "$(TARGET_NAME)";
				SWIFT_VERSION = 4.0;
				TARGETED_DEVICE_FAMILY = "1,2";
				TEST_TARGET_NAME = QUICTester;
			};
			name = Release;
		};
/* End XCBuildConfiguration section */

/* Begin XCConfigurationList section */
		CEDAF2461F5FE8E000310153 /* Build configuration list for PBXProject "MultipathTester" */ = {
			isa = XCConfigurationList;
			buildConfigurations = (
				CEDAF2711F5FE8E100310153 /* Debug */,
				CEDAF2721F5FE8E100310153 /* Release */,
			);
			defaultConfigurationIsVisible = 0;
			defaultConfigurationName = Release;
		};
		CEDAF2731F5FE8E100310153 /* Build configuration list for PBXNativeTarget "MultipathTester" */ = {
			isa = XCConfigurationList;
			buildConfigurations = (
				CEDAF2741F5FE8E100310153 /* Debug */,
				CEDAF2751F5FE8E100310153 /* Release */,
			);
			defaultConfigurationIsVisible = 0;
			defaultConfigurationName = Release;
		};
		CEDAF2761F5FE8E100310153 /* Build configuration list for PBXNativeTarget "MultipathTesterTests" */ = {
			isa = XCConfigurationList;
			buildConfigurations = (
				CEDAF2771F5FE8E100310153 /* Debug */,
				CEDAF2781F5FE8E100310153 /* Release */,
			);
			defaultConfigurationIsVisible = 0;
			defaultConfigurationName = Release;
		};
		CEDAF2791F5FE8E100310153 /* Build configuration list for PBXNativeTarget "MultipathTesterUITests" */ = {
			isa = XCConfigurationList;
			buildConfigurations = (
				CEDAF27A1F5FE8E100310153 /* Debug */,
				CEDAF27B1F5FE8E100310153 /* Release */,
			);
			defaultConfigurationIsVisible = 0;
			defaultConfigurationName = Release;
		};
/* End XCConfigurationList section */
	};
	rootObject = CEDAF2431F5FE8E000310153 /* Project object */;
}
